
Microsoft Visual Studio Solution File, Format Version 12.00
# Visual Studio 14
VisualStudioVersion = 14.0.25420.1
MinimumVisualStudioVersion = 10.0.40219.1
Project("{FAE04EC0-301F-11D3-BF4B-00C04F79EFBC}") = "AptkApn", "AptkApn\AptkApn.csproj", "{65C79DDB-B3DE-4C9C-83FA-0F0B69339F6A}"
EndProject
Project("{FAE04EC0-301F-11D3-BF4B-00C04F79EFBC}") = "AptkApn.Abstractions", "AptkApn.Abstractions\AptkApn.Abstractions.csproj", "{EC1D3567-4F7C-43CE-8971-6CBCE61FA3DD}"
EndProject
Project("{FAE04EC0-301F-11D3-BF4B-00C04F79EFBC}") = "AptkApn.iOS", "AptkApn.iOS\AptkApn.iOS.csproj", "{74D988B7-4D1A-4E4A-8EC5-4AEDB222AC68}"
EndProject
Project("{FAE04EC0-301F-11D3-BF4B-00C04F79EFBC}") = "AptkApn.Android", "AptkApn.Android\AptkApn.Android.csproj", "{AE020D66-A2E8-407B-93A3-42EC3EC70807}"
EndProject
Project("{FAE04EC0-301F-11D3-BF4B-00C04F79EFBC}") = "AptkApn.Uwp", "AptkApn.Uwp\AptkApn.Uwp.csproj", "{A902A75E-EA3C-482C-882C-1880BF2E5319}"
EndProject
Project("{D954291E-2A0B-460D-934E-DC6B0785DB48}") = "AptkApn.Shared", "AptkApn.Shared\AptkApn.Shared.shproj", "{272A8CAE-738F-407A-9EB8-45D90C0F910B}"
EndProject
Project("{FAE04EC0-301F-11D3-BF4B-00C04F79EFBC}") = "AptkApn.WinRT.Windows", "AptkApn.WinRT.Windows\AptkApn.WinRT.Windows.csproj", "{CE0C8844-AB2F-4D1D-BC41-267947D94676}"
EndProject
Project("{FAE04EC0-301F-11D3-BF4B-00C04F79EFBC}") = "AptkApn.WinRT.WindowsPhone", "AptkApn.WinRT.WindowsPhone\AptkApn.WinRT.WindowsPhone.csproj", "{B92ABDA3-7774-4F53-91D3-C0B3D834287C}"
EndProject
Project("{D954291E-2A0B-460D-934E-DC6B0785DB48}") = "AptkApn.WinRT.Shared", "AptkApn.WinRT.Shared\AptkApn.WinRT.Shared.shproj", "{910E4B4E-2684-468A-8C16-7B883D95CCE0}"
EndProject
Project("{2150E333-8FDC-42A3-9474-1A3956D46DE8}") = "AptkApn.Sample", "AptkApn.Sample", "{A736CCF8-81EC-47A8-8BF4-F4BE0B7DFCB9}"
EndProject
Project("{FAE04EC0-301F-11D3-BF4B-00C04F79EFBC}") = "AptkApn.Sample.Uwp", "AptkApn.Sample\AptkApn.Sample.Uwp\AptkApn.Sample.Uwp.csproj", "{666CE2D7-FC2F-4E9D-AD7C-C11A1498522D}"
EndProject
Project("{D954291E-2A0B-460D-934E-DC6B0785DB48}") = "AptkApn.Sample.WinRT.Shared", "AptkApn.Sample\AptkApn.Sample.WinRT.Shared\AptkApn.Sample.WinRT.Shared.shproj", "{65442EF1-066D-4FE9-971C-ADADA2D3FEF2}"
EndProject
Project("{FAE04EC0-301F-11D3-BF4B-00C04F79EFBC}") = "AptkApn.Sample.WinRT.Windows", "AptkApn.Sample\AptkApn.Sample.WinRT.Windows\AptkApn.Sample.WinRT.Windows.csproj", "{4F5E1E39-84A2-4931-B9F8-84A655B7B481}"
EndProject
Project("{FAE04EC0-301F-11D3-BF4B-00C04F79EFBC}") = "AptkApn.Sample.WinRT.WindowsPhone", "AptkApn.Sample\AptkApn.Sample.WinRT.WindowsPhone\AptkApn.Sample.WinRT.WindowsPhone.csproj", "{44F86381-8CED-4373-8C45-46E39FF01CEA}"
EndProject
Project("{FAE04EC0-301F-11D3-BF4B-00C04F79EFBC}") = "AptkApn.Sample.Android", "AptkApn.Sample\AptkApn.Sample.Android\AptkApn.Sample.Android.csproj", "{13C9942E-66D2-4EF3-B8A5-36B5FA2808FB}"
EndProject
Project("{FAE04EC0-301F-11D3-BF4B-00C04F79EFBC}") = "AptkApn.Sample.iOS", "AptkApn.Sample\AptkApn.Sample.iOS\AptkApn.Sample.iOS.csproj", "{B7089B8C-84C7-4440-9FBA-6637182BFB66}"
EndProject
Project("{FAE04EC0-301F-11D3-BF4B-00C04F79EFBC}") = "AptkApn.Sample", "AptkApn.Sample\AptkApn.Sample\AptkApn.Sample.csproj", "{EA3C3D30-8E61-45FA-97D6-C251C4A25302}"
EndProject
Global
	GlobalSection(SharedMSBuildProjectFiles) = preSolution
		AptkApn.Shared\AptkApn.Shared.projitems*{272a8cae-738f-407a-9eb8-45d90c0f910b}*SharedItemsImports = 13
		AptkApn.Sample\AptkApn.Sample.WinRT.Shared\AptkApn.Sample.WinRT.Shared.projitems*{44f86381-8ced-4373-8c45-46e39ff01cea}*SharedItemsImports = 4
		AptkApn.Sample\AptkApn.Sample.WinRT.Shared\AptkApn.Sample.WinRT.Shared.projitems*{4f5e1e39-84a2-4931-b9f8-84a655b7b481}*SharedItemsImports = 4
		AptkApn.Sample\AptkApn.Sample.WinRT.Shared\AptkApn.Sample.WinRT.Shared.projitems*{65442ef1-066d-4fe9-971c-adada2d3fef2}*SharedItemsImports = 13
		AptkApn.Shared\AptkApn.Shared.projitems*{65c79ddb-b3de-4c9c-83fa-0f0b69339f6a}*SharedItemsImports = 4
		AptkApn.Shared\AptkApn.Shared.projitems*{74d988b7-4d1a-4e4a-8ec5-4aedb222ac68}*SharedItemsImports = 4
		AptkApn.WinRT.Shared\AptkApn.WinRT.Shared.projitems*{910e4b4e-2684-468a-8c16-7b883d95cce0}*SharedItemsImports = 13
		AptkApn.Shared\AptkApn.Shared.projitems*{a902a75e-ea3c-482c-882c-1880bf2e5319}*SharedItemsImports = 4
		AptkApn.Shared\AptkApn.Shared.projitems*{ae020d66-a2e8-407b-93a3-42ec3ec70807}*SharedItemsImports = 4
		AptkApn.Shared\AptkApn.Shared.projitems*{b92abda3-7774-4f53-91d3-c0b3d834287c}*SharedItemsImports = 4
		AptkApn.WinRT.Shared\AptkApn.WinRT.Shared.projitems*{b92abda3-7774-4f53-91d3-c0b3d834287c}*SharedItemsImports = 4
		AptkApn.Shared\AptkApn.Shared.projitems*{ce0c8844-ab2f-4d1d-bc41-267947d94676}*SharedItemsImports = 4
		AptkApn.WinRT.Shared\AptkApn.WinRT.Shared.projitems*{ce0c8844-ab2f-4d1d-bc41-267947d94676}*SharedItemsImports = 4
	EndGlobalSection
	GlobalSection(SolutionConfigurationPlatforms) = preSolution
		Ad-Hoc|Any CPU = Ad-Hoc|Any CPU
		Ad-Hoc|ARM = Ad-Hoc|ARM
		Ad-Hoc|iPhone = Ad-Hoc|iPhone
		Ad-Hoc|iPhoneSimulator = Ad-Hoc|iPhoneSimulator
		Ad-Hoc|x64 = Ad-Hoc|x64
		Ad-Hoc|x86 = Ad-Hoc|x86
		AppStore|Any CPU = AppStore|Any CPU
		AppStore|ARM = AppStore|ARM
		AppStore|iPhone = AppStore|iPhone
		AppStore|iPhoneSimulator = AppStore|iPhoneSimulator
		AppStore|x64 = AppStore|x64
		AppStore|x86 = AppStore|x86
		Debug|Any CPU = Debug|Any CPU
		Debug|ARM = Debug|ARM
		Debug|iPhone = Debug|iPhone
		Debug|iPhoneSimulator = Debug|iPhoneSimulator
		Debug|x64 = Debug|x64
		Debug|x86 = Debug|x86
		Release|Any CPU = Release|Any CPU
		Release|ARM = Release|ARM
		Release|iPhone = Release|iPhone
		Release|iPhoneSimulator = Release|iPhoneSimulator
		Release|x64 = Release|x64
		Release|x86 = Release|x86
	EndGlobalSection
	GlobalSection(ProjectConfigurationPlatforms) = postSolution
		{65C79DDB-B3DE-4C9C-83FA-0F0B69339F6A}.Ad-Hoc|Any CPU.ActiveCfg = Release|Any CPU
		{65C79DDB-B3DE-4C9C-83FA-0F0B69339F6A}.Ad-Hoc|Any CPU.Build.0 = Release|Any CPU
		{65C79DDB-B3DE-4C9C-83FA-0F0B69339F6A}.Ad-Hoc|ARM.ActiveCfg = Release|Any CPU
		{65C79DDB-B3DE-4C9C-83FA-0F0B69339F6A}.Ad-Hoc|ARM.Build.0 = Release|Any CPU
		{65C79DDB-B3DE-4C9C-83FA-0F0B69339F6A}.Ad-Hoc|iPhone.ActiveCfg = Release|Any CPU
		{65C79DDB-B3DE-4C9C-83FA-0F0B69339F6A}.Ad-Hoc|iPhone.Build.0 = Release|Any CPU
		{65C79DDB-B3DE-4C9C-83FA-0F0B69339F6A}.Ad-Hoc|iPhoneSimulator.ActiveCfg = Release|Any CPU
		{65C79DDB-B3DE-4C9C-83FA-0F0B69339F6A}.Ad-Hoc|iPhoneSimulator.Build.0 = Release|Any CPU
		{65C79DDB-B3DE-4C9C-83FA-0F0B69339F6A}.Ad-Hoc|x64.ActiveCfg = Release|Any CPU
		{65C79DDB-B3DE-4C9C-83FA-0F0B69339F6A}.Ad-Hoc|x64.Build.0 = Release|Any CPU
		{65C79DDB-B3DE-4C9C-83FA-0F0B69339F6A}.Ad-Hoc|x86.ActiveCfg = Release|Any CPU
		{65C79DDB-B3DE-4C9C-83FA-0F0B69339F6A}.Ad-Hoc|x86.Build.0 = Release|Any CPU
		{65C79DDB-B3DE-4C9C-83FA-0F0B69339F6A}.AppStore|Any CPU.ActiveCfg = Release|Any CPU
		{65C79DDB-B3DE-4C9C-83FA-0F0B69339F6A}.AppStore|Any CPU.Build.0 = Release|Any CPU
		{65C79DDB-B3DE-4C9C-83FA-0F0B69339F6A}.AppStore|ARM.ActiveCfg = Release|Any CPU
		{65C79DDB-B3DE-4C9C-83FA-0F0B69339F6A}.AppStore|ARM.Build.0 = Release|Any CPU
		{65C79DDB-B3DE-4C9C-83FA-0F0B69339F6A}.AppStore|iPhone.ActiveCfg = Release|Any CPU
		{65C79DDB-B3DE-4C9C-83FA-0F0B69339F6A}.AppStore|iPhone.Build.0 = Release|Any CPU
		{65C79DDB-B3DE-4C9C-83FA-0F0B69339F6A}.AppStore|iPhoneSimulator.ActiveCfg = Release|Any CPU
		{65C79DDB-B3DE-4C9C-83FA-0F0B69339F6A}.AppStore|iPhoneSimulator.Build.0 = Release|Any CPU
		{65C79DDB-B3DE-4C9C-83FA-0F0B69339F6A}.AppStore|x64.ActiveCfg = Release|Any CPU
		{65C79DDB-B3DE-4C9C-83FA-0F0B69339F6A}.AppStore|x64.Build.0 = Release|Any CPU
		{65C79DDB-B3DE-4C9C-83FA-0F0B69339F6A}.AppStore|x86.ActiveCfg = Release|Any CPU
		{65C79DDB-B3DE-4C9C-83FA-0F0B69339F6A}.AppStore|x86.Build.0 = Release|Any CPU
		{65C79DDB-B3DE-4C9C-83FA-0F0B69339F6A}.Debug|Any CPU.ActiveCfg = Debug|Any CPU
		{65C79DDB-B3DE-4C9C-83FA-0F0B69339F6A}.Debug|Any CPU.Build.0 = Debug|Any CPU
		{65C79DDB-B3DE-4C9C-83FA-0F0B69339F6A}.Debug|ARM.ActiveCfg = Debug|Any CPU
		{65C79DDB-B3DE-4C9C-83FA-0F0B69339F6A}.Debug|ARM.Build.0 = Debug|Any CPU
		{65C79DDB-B3DE-4C9C-83FA-0F0B69339F6A}.Debug|iPhone.ActiveCfg = Debug|Any CPU
		{65C79DDB-B3DE-4C9C-83FA-0F0B69339F6A}.Debug|iPhone.Build.0 = Debug|Any CPU
		{65C79DDB-B3DE-4C9C-83FA-0F0B69339F6A}.Debug|iPhoneSimulator.ActiveCfg = Debug|Any CPU
		{65C79DDB-B3DE-4C9C-83FA-0F0B69339F6A}.Debug|iPhoneSimulator.Build.0 = Debug|Any CPU
		{65C79DDB-B3DE-4C9C-83FA-0F0B69339F6A}.Debug|x64.ActiveCfg = Debug|Any CPU
		{65C79DDB-B3DE-4C9C-83FA-0F0B69339F6A}.Debug|x64.Build.0 = Debug|Any CPU
		{65C79DDB-B3DE-4C9C-83FA-0F0B69339F6A}.Debug|x86.ActiveCfg = Debug|Any CPU
		{65C79DDB-B3DE-4C9C-83FA-0F0B69339F6A}.Debug|x86.Build.0 = Debug|Any CPU
		{65C79DDB-B3DE-4C9C-83FA-0F0B69339F6A}.Release|Any CPU.ActiveCfg = Release|Any CPU
		{65C79DDB-B3DE-4C9C-83FA-0F0B69339F6A}.Release|Any CPU.Build.0 = Release|Any CPU
		{65C79DDB-B3DE-4C9C-83FA-0F0B69339F6A}.Release|ARM.ActiveCfg = Release|Any CPU
		{65C79DDB-B3DE-4C9C-83FA-0F0B69339F6A}.Release|ARM.Build.0 = Release|Any CPU
		{65C79DDB-B3DE-4C9C-83FA-0F0B69339F6A}.Release|iPhone.ActiveCfg = Release|Any CPU
		{65C79DDB-B3DE-4C9C-83FA-0F0B69339F6A}.Release|iPhone.Build.0 = Release|Any CPU
		{65C79DDB-B3DE-4C9C-83FA-0F0B69339F6A}.Release|iPhoneSimulator.ActiveCfg = Release|Any CPU
		{65C79DDB-B3DE-4C9C-83FA-0F0B69339F6A}.Release|iPhoneSimulator.Build.0 = Release|Any CPU
		{65C79DDB-B3DE-4C9C-83FA-0F0B69339F6A}.Release|x64.ActiveCfg = Release|Any CPU
		{65C79DDB-B3DE-4C9C-83FA-0F0B69339F6A}.Release|x64.Build.0 = Release|Any CPU
		{65C79DDB-B3DE-4C9C-83FA-0F0B69339F6A}.Release|x86.ActiveCfg = Release|Any CPU
		{65C79DDB-B3DE-4C9C-83FA-0F0B69339F6A}.Release|x86.Build.0 = Release|Any CPU
		{EC1D3567-4F7C-43CE-8971-6CBCE61FA3DD}.Ad-Hoc|Any CPU.ActiveCfg = Release|Any CPU
		{EC1D3567-4F7C-43CE-8971-6CBCE61FA3DD}.Ad-Hoc|Any CPU.Build.0 = Release|Any CPU
		{EC1D3567-4F7C-43CE-8971-6CBCE61FA3DD}.Ad-Hoc|ARM.ActiveCfg = Release|Any CPU
		{EC1D3567-4F7C-43CE-8971-6CBCE61FA3DD}.Ad-Hoc|ARM.Build.0 = Release|Any CPU
		{EC1D3567-4F7C-43CE-8971-6CBCE61FA3DD}.Ad-Hoc|iPhone.ActiveCfg = Release|Any CPU
		{EC1D3567-4F7C-43CE-8971-6CBCE61FA3DD}.Ad-Hoc|iPhone.Build.0 = Release|Any CPU
		{EC1D3567-4F7C-43CE-8971-6CBCE61FA3DD}.Ad-Hoc|iPhoneSimulator.ActiveCfg = Release|Any CPU
		{EC1D3567-4F7C-43CE-8971-6CBCE61FA3DD}.Ad-Hoc|iPhoneSimulator.Build.0 = Release|Any CPU
		{EC1D3567-4F7C-43CE-8971-6CBCE61FA3DD}.Ad-Hoc|x64.ActiveCfg = Release|Any CPU
		{EC1D3567-4F7C-43CE-8971-6CBCE61FA3DD}.Ad-Hoc|x64.Build.0 = Release|Any CPU
		{EC1D3567-4F7C-43CE-8971-6CBCE61FA3DD}.Ad-Hoc|x86.ActiveCfg = Release|Any CPU
		{EC1D3567-4F7C-43CE-8971-6CBCE61FA3DD}.Ad-Hoc|x86.Build.0 = Release|Any CPU
		{EC1D3567-4F7C-43CE-8971-6CBCE61FA3DD}.AppStore|Any CPU.ActiveCfg = Release|Any CPU
		{EC1D3567-4F7C-43CE-8971-6CBCE61FA3DD}.AppStore|Any CPU.Build.0 = Release|Any CPU
		{EC1D3567-4F7C-43CE-8971-6CBCE61FA3DD}.AppStore|ARM.ActiveCfg = Release|Any CPU
		{EC1D3567-4F7C-43CE-8971-6CBCE61FA3DD}.AppStore|ARM.Build.0 = Release|Any CPU
		{EC1D3567-4F7C-43CE-8971-6CBCE61FA3DD}.AppStore|iPhone.ActiveCfg = Release|Any CPU
		{EC1D3567-4F7C-43CE-8971-6CBCE61FA3DD}.AppStore|iPhone.Build.0 = Release|Any CPU
		{EC1D3567-4F7C-43CE-8971-6CBCE61FA3DD}.AppStore|iPhoneSimulator.ActiveCfg = Release|Any CPU
		{EC1D3567-4F7C-43CE-8971-6CBCE61FA3DD}.AppStore|iPhoneSimulator.Build.0 = Release|Any CPU
		{EC1D3567-4F7C-43CE-8971-6CBCE61FA3DD}.AppStore|x64.ActiveCfg = Release|Any CPU
		{EC1D3567-4F7C-43CE-8971-6CBCE61FA3DD}.AppStore|x64.Build.0 = Release|Any CPU
		{EC1D3567-4F7C-43CE-8971-6CBCE61FA3DD}.AppStore|x86.ActiveCfg = Release|Any CPU
		{EC1D3567-4F7C-43CE-8971-6CBCE61FA3DD}.AppStore|x86.Build.0 = Release|Any CPU
		{EC1D3567-4F7C-43CE-8971-6CBCE61FA3DD}.Debug|Any CPU.ActiveCfg = Debug|Any CPU
		{EC1D3567-4F7C-43CE-8971-6CBCE61FA3DD}.Debug|Any CPU.Build.0 = Debug|Any CPU
		{EC1D3567-4F7C-43CE-8971-6CBCE61FA3DD}.Debug|ARM.ActiveCfg = Debug|Any CPU
		{EC1D3567-4F7C-43CE-8971-6CBCE61FA3DD}.Debug|ARM.Build.0 = Debug|Any CPU
		{EC1D3567-4F7C-43CE-8971-6CBCE61FA3DD}.Debug|iPhone.ActiveCfg = Debug|Any CPU
		{EC1D3567-4F7C-43CE-8971-6CBCE61FA3DD}.Debug|iPhone.Build.0 = Debug|Any CPU
		{EC1D3567-4F7C-43CE-8971-6CBCE61FA3DD}.Debug|iPhoneSimulator.ActiveCfg = Debug|Any CPU
		{EC1D3567-4F7C-43CE-8971-6CBCE61FA3DD}.Debug|iPhoneSimulator.Build.0 = Debug|Any CPU
		{EC1D3567-4F7C-43CE-8971-6CBCE61FA3DD}.Debug|x64.ActiveCfg = Debug|Any CPU
		{EC1D3567-4F7C-43CE-8971-6CBCE61FA3DD}.Debug|x64.Build.0 = Debug|Any CPU
		{EC1D3567-4F7C-43CE-8971-6CBCE61FA3DD}.Debug|x86.ActiveCfg = Debug|Any CPU
		{EC1D3567-4F7C-43CE-8971-6CBCE61FA3DD}.Debug|x86.Build.0 = Debug|Any CPU
		{EC1D3567-4F7C-43CE-8971-6CBCE61FA3DD}.Release|Any CPU.ActiveCfg = Release|Any CPU
		{EC1D3567-4F7C-43CE-8971-6CBCE61FA3DD}.Release|Any CPU.Build.0 = Release|Any CPU
		{EC1D3567-4F7C-43CE-8971-6CBCE61FA3DD}.Release|ARM.ActiveCfg = Release|Any CPU
		{EC1D3567-4F7C-43CE-8971-6CBCE61FA3DD}.Release|ARM.Build.0 = Release|Any CPU
		{EC1D3567-4F7C-43CE-8971-6CBCE61FA3DD}.Release|iPhone.ActiveCfg = Release|Any CPU
		{EC1D3567-4F7C-43CE-8971-6CBCE61FA3DD}.Release|iPhone.Build.0 = Release|Any CPU
		{EC1D3567-4F7C-43CE-8971-6CBCE61FA3DD}.Release|iPhoneSimulator.ActiveCfg = Release|Any CPU
		{EC1D3567-4F7C-43CE-8971-6CBCE61FA3DD}.Release|iPhoneSimulator.Build.0 = Release|Any CPU
		{EC1D3567-4F7C-43CE-8971-6CBCE61FA3DD}.Release|x64.ActiveCfg = Release|Any CPU
		{EC1D3567-4F7C-43CE-8971-6CBCE61FA3DD}.Release|x64.Build.0 = Release|Any CPU
		{EC1D3567-4F7C-43CE-8971-6CBCE61FA3DD}.Release|x86.ActiveCfg = Release|Any CPU
		{EC1D3567-4F7C-43CE-8971-6CBCE61FA3DD}.Release|x86.Build.0 = Release|Any CPU
		{74D988B7-4D1A-4E4A-8EC5-4AEDB222AC68}.Ad-Hoc|Any CPU.ActiveCfg = Release|Any CPU
		{74D988B7-4D1A-4E4A-8EC5-4AEDB222AC68}.Ad-Hoc|Any CPU.Build.0 = Release|Any CPU
		{74D988B7-4D1A-4E4A-8EC5-4AEDB222AC68}.Ad-Hoc|ARM.ActiveCfg = Release|Any CPU
		{74D988B7-4D1A-4E4A-8EC5-4AEDB222AC68}.Ad-Hoc|ARM.Build.0 = Release|Any CPU
		{74D988B7-4D1A-4E4A-8EC5-4AEDB222AC68}.Ad-Hoc|iPhone.ActiveCfg = Release|Any CPU
		{74D988B7-4D1A-4E4A-8EC5-4AEDB222AC68}.Ad-Hoc|iPhone.Build.0 = Release|Any CPU
		{74D988B7-4D1A-4E4A-8EC5-4AEDB222AC68}.Ad-Hoc|iPhoneSimulator.ActiveCfg = Release|Any CPU
		{74D988B7-4D1A-4E4A-8EC5-4AEDB222AC68}.Ad-Hoc|iPhoneSimulator.Build.0 = Release|Any CPU
		{74D988B7-4D1A-4E4A-8EC5-4AEDB222AC68}.Ad-Hoc|x64.ActiveCfg = Release|Any CPU
		{74D988B7-4D1A-4E4A-8EC5-4AEDB222AC68}.Ad-Hoc|x64.Build.0 = Release|Any CPU
		{74D988B7-4D1A-4E4A-8EC5-4AEDB222AC68}.Ad-Hoc|x86.ActiveCfg = Release|Any CPU
		{74D988B7-4D1A-4E4A-8EC5-4AEDB222AC68}.Ad-Hoc|x86.Build.0 = Release|Any CPU
		{74D988B7-4D1A-4E4A-8EC5-4AEDB222AC68}.AppStore|Any CPU.ActiveCfg = Release|Any CPU
		{74D988B7-4D1A-4E4A-8EC5-4AEDB222AC68}.AppStore|Any CPU.Build.0 = Release|Any CPU
		{74D988B7-4D1A-4E4A-8EC5-4AEDB222AC68}.AppStore|ARM.ActiveCfg = Release|Any CPU
		{74D988B7-4D1A-4E4A-8EC5-4AEDB222AC68}.AppStore|ARM.Build.0 = Release|Any CPU
		{74D988B7-4D1A-4E4A-8EC5-4AEDB222AC68}.AppStore|iPhone.ActiveCfg = Release|Any CPU
		{74D988B7-4D1A-4E4A-8EC5-4AEDB222AC68}.AppStore|iPhone.Build.0 = Release|Any CPU
		{74D988B7-4D1A-4E4A-8EC5-4AEDB222AC68}.AppStore|iPhoneSimulator.ActiveCfg = Release|Any CPU
		{74D988B7-4D1A-4E4A-8EC5-4AEDB222AC68}.AppStore|iPhoneSimulator.Build.0 = Release|Any CPU
		{74D988B7-4D1A-4E4A-8EC5-4AEDB222AC68}.AppStore|x64.ActiveCfg = Release|Any CPU
		{74D988B7-4D1A-4E4A-8EC5-4AEDB222AC68}.AppStore|x64.Build.0 = Release|Any CPU
		{74D988B7-4D1A-4E4A-8EC5-4AEDB222AC68}.AppStore|x86.ActiveCfg = Release|Any CPU
		{74D988B7-4D1A-4E4A-8EC5-4AEDB222AC68}.AppStore|x86.Build.0 = Release|Any CPU
		{74D988B7-4D1A-4E4A-8EC5-4AEDB222AC68}.Debug|Any CPU.ActiveCfg = Debug|Any CPU
		{74D988B7-4D1A-4E4A-8EC5-4AEDB222AC68}.Debug|Any CPU.Build.0 = Debug|Any CPU
		{74D988B7-4D1A-4E4A-8EC5-4AEDB222AC68}.Debug|ARM.ActiveCfg = Debug|Any CPU
		{74D988B7-4D1A-4E4A-8EC5-4AEDB222AC68}.Debug|ARM.Build.0 = Debug|Any CPU
		{74D988B7-4D1A-4E4A-8EC5-4AEDB222AC68}.Debug|iPhone.ActiveCfg = Debug|Any CPU
		{74D988B7-4D1A-4E4A-8EC5-4AEDB222AC68}.Debug|iPhone.Build.0 = Debug|Any CPU
		{74D988B7-4D1A-4E4A-8EC5-4AEDB222AC68}.Debug|iPhoneSimulator.ActiveCfg = Debug|Any CPU
		{74D988B7-4D1A-4E4A-8EC5-4AEDB222AC68}.Debug|iPhoneSimulator.Build.0 = Debug|Any CPU
		{74D988B7-4D1A-4E4A-8EC5-4AEDB222AC68}.Debug|x64.ActiveCfg = Debug|Any CPU
		{74D988B7-4D1A-4E4A-8EC5-4AEDB222AC68}.Debug|x64.Build.0 = Debug|Any CPU
		{74D988B7-4D1A-4E4A-8EC5-4AEDB222AC68}.Debug|x86.ActiveCfg = Debug|Any CPU
		{74D988B7-4D1A-4E4A-8EC5-4AEDB222AC68}.Debug|x86.Build.0 = Debug|Any CPU
		{74D988B7-4D1A-4E4A-8EC5-4AEDB222AC68}.Release|Any CPU.ActiveCfg = Release|Any CPU
		{74D988B7-4D1A-4E4A-8EC5-4AEDB222AC68}.Release|Any CPU.Build.0 = Release|Any CPU
		{74D988B7-4D1A-4E4A-8EC5-4AEDB222AC68}.Release|ARM.ActiveCfg = Release|Any CPU
		{74D988B7-4D1A-4E4A-8EC5-4AEDB222AC68}.Release|ARM.Build.0 = Release|Any CPU
		{74D988B7-4D1A-4E4A-8EC5-4AEDB222AC68}.Release|iPhone.ActiveCfg = Release|Any CPU
		{74D988B7-4D1A-4E4A-8EC5-4AEDB222AC68}.Release|iPhone.Build.0 = Release|Any CPU
		{74D988B7-4D1A-4E4A-8EC5-4AEDB222AC68}.Release|iPhoneSimulator.ActiveCfg = Release|Any CPU
		{74D988B7-4D1A-4E4A-8EC5-4AEDB222AC68}.Release|iPhoneSimulator.Build.0 = Release|Any CPU
		{74D988B7-4D1A-4E4A-8EC5-4AEDB222AC68}.Release|x64.ActiveCfg = Release|Any CPU
		{74D988B7-4D1A-4E4A-8EC5-4AEDB222AC68}.Release|x64.Build.0 = Release|Any CPU
		{74D988B7-4D1A-4E4A-8EC5-4AEDB222AC68}.Release|x86.ActiveCfg = Release|Any CPU
		{74D988B7-4D1A-4E4A-8EC5-4AEDB222AC68}.Release|x86.Build.0 = Release|Any CPU
		{AE020D66-A2E8-407B-93A3-42EC3EC70807}.Ad-Hoc|Any CPU.ActiveCfg = Release|Any CPU
		{AE020D66-A2E8-407B-93A3-42EC3EC70807}.Ad-Hoc|Any CPU.Build.0 = Release|Any CPU
		{AE020D66-A2E8-407B-93A3-42EC3EC70807}.Ad-Hoc|ARM.ActiveCfg = Release|Any CPU
		{AE020D66-A2E8-407B-93A3-42EC3EC70807}.Ad-Hoc|ARM.Build.0 = Release|Any CPU
		{AE020D66-A2E8-407B-93A3-42EC3EC70807}.Ad-Hoc|iPhone.ActiveCfg = Release|Any CPU
		{AE020D66-A2E8-407B-93A3-42EC3EC70807}.Ad-Hoc|iPhone.Build.0 = Release|Any CPU
		{AE020D66-A2E8-407B-93A3-42EC3EC70807}.Ad-Hoc|iPhoneSimulator.ActiveCfg = Release|Any CPU
		{AE020D66-A2E8-407B-93A3-42EC3EC70807}.Ad-Hoc|iPhoneSimulator.Build.0 = Release|Any CPU
		{AE020D66-A2E8-407B-93A3-42EC3EC70807}.Ad-Hoc|x64.ActiveCfg = Release|Any CPU
		{AE020D66-A2E8-407B-93A3-42EC3EC70807}.Ad-Hoc|x64.Build.0 = Release|Any CPU
		{AE020D66-A2E8-407B-93A3-42EC3EC70807}.Ad-Hoc|x86.ActiveCfg = Release|Any CPU
		{AE020D66-A2E8-407B-93A3-42EC3EC70807}.Ad-Hoc|x86.Build.0 = Release|Any CPU
		{AE020D66-A2E8-407B-93A3-42EC3EC70807}.AppStore|Any CPU.ActiveCfg = Release|Any CPU
		{AE020D66-A2E8-407B-93A3-42EC3EC70807}.AppStore|Any CPU.Build.0 = Release|Any CPU
		{AE020D66-A2E8-407B-93A3-42EC3EC70807}.AppStore|ARM.ActiveCfg = Release|Any CPU
		{AE020D66-A2E8-407B-93A3-42EC3EC70807}.AppStore|ARM.Build.0 = Release|Any CPU
		{AE020D66-A2E8-407B-93A3-42EC3EC70807}.AppStore|iPhone.ActiveCfg = Release|Any CPU
		{AE020D66-A2E8-407B-93A3-42EC3EC70807}.AppStore|iPhone.Build.0 = Release|Any CPU
		{AE020D66-A2E8-407B-93A3-42EC3EC70807}.AppStore|iPhoneSimulator.ActiveCfg = Release|Any CPU
		{AE020D66-A2E8-407B-93A3-42EC3EC70807}.AppStore|iPhoneSimulator.Build.0 = Release|Any CPU
		{AE020D66-A2E8-407B-93A3-42EC3EC70807}.AppStore|x64.ActiveCfg = Release|Any CPU
		{AE020D66-A2E8-407B-93A3-42EC3EC70807}.AppStore|x64.Build.0 = Release|Any CPU
		{AE020D66-A2E8-407B-93A3-42EC3EC70807}.AppStore|x86.ActiveCfg = Release|Any CPU
		{AE020D66-A2E8-407B-93A3-42EC3EC70807}.AppStore|x86.Build.0 = Release|Any CPU
		{AE020D66-A2E8-407B-93A3-42EC3EC70807}.Debug|Any CPU.ActiveCfg = Debug|Any CPU
		{AE020D66-A2E8-407B-93A3-42EC3EC70807}.Debug|Any CPU.Build.0 = Debug|Any CPU
		{AE020D66-A2E8-407B-93A3-42EC3EC70807}.Debug|ARM.ActiveCfg = Debug|Any CPU
		{AE020D66-A2E8-407B-93A3-42EC3EC70807}.Debug|ARM.Build.0 = Debug|Any CPU
		{AE020D66-A2E8-407B-93A3-42EC3EC70807}.Debug|iPhone.ActiveCfg = Debug|Any CPU
		{AE020D66-A2E8-407B-93A3-42EC3EC70807}.Debug|iPhone.Build.0 = Debug|Any CPU
		{AE020D66-A2E8-407B-93A3-42EC3EC70807}.Debug|iPhoneSimulator.ActiveCfg = Debug|Any CPU
		{AE020D66-A2E8-407B-93A3-42EC3EC70807}.Debug|iPhoneSimulator.Build.0 = Debug|Any CPU
		{AE020D66-A2E8-407B-93A3-42EC3EC70807}.Debug|x64.ActiveCfg = Debug|Any CPU
		{AE020D66-A2E8-407B-93A3-42EC3EC70807}.Debug|x64.Build.0 = Debug|Any CPU
		{AE020D66-A2E8-407B-93A3-42EC3EC70807}.Debug|x86.ActiveCfg = Debug|Any CPU
		{AE020D66-A2E8-407B-93A3-42EC3EC70807}.Debug|x86.Build.0 = Debug|Any CPU
		{AE020D66-A2E8-407B-93A3-42EC3EC70807}.Release|Any CPU.ActiveCfg = Release|Any CPU
		{AE020D66-A2E8-407B-93A3-42EC3EC70807}.Release|Any CPU.Build.0 = Release|Any CPU
		{AE020D66-A2E8-407B-93A3-42EC3EC70807}.Release|ARM.ActiveCfg = Release|Any CPU
		{AE020D66-A2E8-407B-93A3-42EC3EC70807}.Release|ARM.Build.0 = Release|Any CPU
		{AE020D66-A2E8-407B-93A3-42EC3EC70807}.Release|iPhone.ActiveCfg = Release|Any CPU
		{AE020D66-A2E8-407B-93A3-42EC3EC70807}.Release|iPhone.Build.0 = Release|Any CPU
		{AE020D66-A2E8-407B-93A3-42EC3EC70807}.Release|iPhoneSimulator.ActiveCfg = Release|Any CPU
		{AE020D66-A2E8-407B-93A3-42EC3EC70807}.Release|iPhoneSimulator.Build.0 = Release|Any CPU
		{AE020D66-A2E8-407B-93A3-42EC3EC70807}.Release|x64.ActiveCfg = Release|Any CPU
		{AE020D66-A2E8-407B-93A3-42EC3EC70807}.Release|x64.Build.0 = Release|Any CPU
		{AE020D66-A2E8-407B-93A3-42EC3EC70807}.Release|x86.ActiveCfg = Release|Any CPU
		{AE020D66-A2E8-407B-93A3-42EC3EC70807}.Release|x86.Build.0 = Release|Any CPU
		{A902A75E-EA3C-482C-882C-1880BF2E5319}.Ad-Hoc|Any CPU.ActiveCfg = Release|Any CPU
		{A902A75E-EA3C-482C-882C-1880BF2E5319}.Ad-Hoc|Any CPU.Build.0 = Release|Any CPU
		{A902A75E-EA3C-482C-882C-1880BF2E5319}.Ad-Hoc|ARM.ActiveCfg = Release|ARM
		{A902A75E-EA3C-482C-882C-1880BF2E5319}.Ad-Hoc|ARM.Build.0 = Release|ARM
		{A902A75E-EA3C-482C-882C-1880BF2E5319}.Ad-Hoc|iPhone.ActiveCfg = Release|Any CPU
		{A902A75E-EA3C-482C-882C-1880BF2E5319}.Ad-Hoc|iPhone.Build.0 = Release|Any CPU
		{A902A75E-EA3C-482C-882C-1880BF2E5319}.Ad-Hoc|iPhoneSimulator.ActiveCfg = Release|Any CPU
		{A902A75E-EA3C-482C-882C-1880BF2E5319}.Ad-Hoc|iPhoneSimulator.Build.0 = Release|Any CPU
		{A902A75E-EA3C-482C-882C-1880BF2E5319}.Ad-Hoc|x64.ActiveCfg = Release|x64
		{A902A75E-EA3C-482C-882C-1880BF2E5319}.Ad-Hoc|x64.Build.0 = Release|x64
		{A902A75E-EA3C-482C-882C-1880BF2E5319}.Ad-Hoc|x86.ActiveCfg = Release|x86
		{A902A75E-EA3C-482C-882C-1880BF2E5319}.Ad-Hoc|x86.Build.0 = Release|x86
		{A902A75E-EA3C-482C-882C-1880BF2E5319}.AppStore|Any CPU.ActiveCfg = Release|Any CPU
		{A902A75E-EA3C-482C-882C-1880BF2E5319}.AppStore|Any CPU.Build.0 = Release|Any CPU
		{A902A75E-EA3C-482C-882C-1880BF2E5319}.AppStore|ARM.ActiveCfg = Release|ARM
		{A902A75E-EA3C-482C-882C-1880BF2E5319}.AppStore|ARM.Build.0 = Release|ARM
		{A902A75E-EA3C-482C-882C-1880BF2E5319}.AppStore|iPhone.ActiveCfg = Release|Any CPU
		{A902A75E-EA3C-482C-882C-1880BF2E5319}.AppStore|iPhone.Build.0 = Release|Any CPU
		{A902A75E-EA3C-482C-882C-1880BF2E5319}.AppStore|iPhoneSimulator.ActiveCfg = Release|Any CPU
		{A902A75E-EA3C-482C-882C-1880BF2E5319}.AppStore|iPhoneSimulator.Build.0 = Release|Any CPU
		{A902A75E-EA3C-482C-882C-1880BF2E5319}.AppStore|x64.ActiveCfg = Release|x64
		{A902A75E-EA3C-482C-882C-1880BF2E5319}.AppStore|x64.Build.0 = Release|x64
		{A902A75E-EA3C-482C-882C-1880BF2E5319}.AppStore|x86.ActiveCfg = Release|x86
		{A902A75E-EA3C-482C-882C-1880BF2E5319}.AppStore|x86.Build.0 = Release|x86
		{A902A75E-EA3C-482C-882C-1880BF2E5319}.Debug|Any CPU.ActiveCfg = Debug|Any CPU
		{A902A75E-EA3C-482C-882C-1880BF2E5319}.Debug|Any CPU.Build.0 = Debug|Any CPU
		{A902A75E-EA3C-482C-882C-1880BF2E5319}.Debug|ARM.ActiveCfg = Debug|ARM
		{A902A75E-EA3C-482C-882C-1880BF2E5319}.Debug|ARM.Build.0 = Debug|ARM
		{A902A75E-EA3C-482C-882C-1880BF2E5319}.Debug|iPhone.ActiveCfg = Debug|Any CPU
		{A902A75E-EA3C-482C-882C-1880BF2E5319}.Debug|iPhone.Build.0 = Debug|Any CPU
		{A902A75E-EA3C-482C-882C-1880BF2E5319}.Debug|iPhoneSimulator.ActiveCfg = Debug|Any CPU
		{A902A75E-EA3C-482C-882C-1880BF2E5319}.Debug|iPhoneSimulator.Build.0 = Debug|Any CPU
		{A902A75E-EA3C-482C-882C-1880BF2E5319}.Debug|x64.ActiveCfg = Debug|x64
		{A902A75E-EA3C-482C-882C-1880BF2E5319}.Debug|x64.Build.0 = Debug|x64
		{A902A75E-EA3C-482C-882C-1880BF2E5319}.Debug|x86.ActiveCfg = Debug|x86
		{A902A75E-EA3C-482C-882C-1880BF2E5319}.Debug|x86.Build.0 = Debug|x86
		{A902A75E-EA3C-482C-882C-1880BF2E5319}.Release|Any CPU.ActiveCfg = Release|Any CPU
		{A902A75E-EA3C-482C-882C-1880BF2E5319}.Release|Any CPU.Build.0 = Release|Any CPU
		{A902A75E-EA3C-482C-882C-1880BF2E5319}.Release|ARM.ActiveCfg = Release|ARM
		{A902A75E-EA3C-482C-882C-1880BF2E5319}.Release|ARM.Build.0 = Release|ARM
		{A902A75E-EA3C-482C-882C-1880BF2E5319}.Release|iPhone.ActiveCfg = Release|Any CPU
		{A902A75E-EA3C-482C-882C-1880BF2E5319}.Release|iPhone.Build.0 = Release|Any CPU
		{A902A75E-EA3C-482C-882C-1880BF2E5319}.Release|iPhoneSimulator.ActiveCfg = Release|Any CPU
		{A902A75E-EA3C-482C-882C-1880BF2E5319}.Release|iPhoneSimulator.Build.0 = Release|Any CPU
		{A902A75E-EA3C-482C-882C-1880BF2E5319}.Release|x64.ActiveCfg = Release|x64
		{A902A75E-EA3C-482C-882C-1880BF2E5319}.Release|x64.Build.0 = Release|x64
		{A902A75E-EA3C-482C-882C-1880BF2E5319}.Release|x86.ActiveCfg = Release|x86
		{A902A75E-EA3C-482C-882C-1880BF2E5319}.Release|x86.Build.0 = Release|x86
		{CE0C8844-AB2F-4D1D-BC41-267947D94676}.Ad-Hoc|Any CPU.ActiveCfg = Release|Any CPU
		{CE0C8844-AB2F-4D1D-BC41-267947D94676}.Ad-Hoc|Any CPU.Build.0 = Release|Any CPU
		{CE0C8844-AB2F-4D1D-BC41-267947D94676}.Ad-Hoc|ARM.ActiveCfg = Release|ARM
		{CE0C8844-AB2F-4D1D-BC41-267947D94676}.Ad-Hoc|ARM.Build.0 = Release|ARM
		{CE0C8844-AB2F-4D1D-BC41-267947D94676}.Ad-Hoc|iPhone.ActiveCfg = Release|Any CPU
		{CE0C8844-AB2F-4D1D-BC41-267947D94676}.Ad-Hoc|iPhone.Build.0 = Release|Any CPU
		{CE0C8844-AB2F-4D1D-BC41-267947D94676}.Ad-Hoc|iPhoneSimulator.ActiveCfg = Release|Any CPU
		{CE0C8844-AB2F-4D1D-BC41-267947D94676}.Ad-Hoc|iPhoneSimulator.Build.0 = Release|Any CPU
		{CE0C8844-AB2F-4D1D-BC41-267947D94676}.Ad-Hoc|x64.ActiveCfg = Release|x64
		{CE0C8844-AB2F-4D1D-BC41-267947D94676}.Ad-Hoc|x64.Build.0 = Release|x64
		{CE0C8844-AB2F-4D1D-BC41-267947D94676}.Ad-Hoc|x86.ActiveCfg = Release|x86
		{CE0C8844-AB2F-4D1D-BC41-267947D94676}.Ad-Hoc|x86.Build.0 = Release|x86
		{CE0C8844-AB2F-4D1D-BC41-267947D94676}.AppStore|Any CPU.ActiveCfg = Release|Any CPU
		{CE0C8844-AB2F-4D1D-BC41-267947D94676}.AppStore|Any CPU.Build.0 = Release|Any CPU
		{CE0C8844-AB2F-4D1D-BC41-267947D94676}.AppStore|ARM.ActiveCfg = Release|ARM
		{CE0C8844-AB2F-4D1D-BC41-267947D94676}.AppStore|ARM.Build.0 = Release|ARM
		{CE0C8844-AB2F-4D1D-BC41-267947D94676}.AppStore|iPhone.ActiveCfg = Release|Any CPU
		{CE0C8844-AB2F-4D1D-BC41-267947D94676}.AppStore|iPhone.Build.0 = Release|Any CPU
		{CE0C8844-AB2F-4D1D-BC41-267947D94676}.AppStore|iPhoneSimulator.ActiveCfg = Release|Any CPU
		{CE0C8844-AB2F-4D1D-BC41-267947D94676}.AppStore|iPhoneSimulator.Build.0 = Release|Any CPU
		{CE0C8844-AB2F-4D1D-BC41-267947D94676}.AppStore|x64.ActiveCfg = Release|x64
		{CE0C8844-AB2F-4D1D-BC41-267947D94676}.AppStore|x64.Build.0 = Release|x64
		{CE0C8844-AB2F-4D1D-BC41-267947D94676}.AppStore|x86.ActiveCfg = Release|x86
		{CE0C8844-AB2F-4D1D-BC41-267947D94676}.AppStore|x86.Build.0 = Release|x86
		{CE0C8844-AB2F-4D1D-BC41-267947D94676}.Debug|Any CPU.ActiveCfg = Debug|Any CPU
		{CE0C8844-AB2F-4D1D-BC41-267947D94676}.Debug|Any CPU.Build.0 = Debug|Any CPU
		{CE0C8844-AB2F-4D1D-BC41-267947D94676}.Debug|ARM.ActiveCfg = Debug|ARM
		{CE0C8844-AB2F-4D1D-BC41-267947D94676}.Debug|ARM.Build.0 = Debug|ARM
		{CE0C8844-AB2F-4D1D-BC41-267947D94676}.Debug|iPhone.ActiveCfg = Debug|Any CPU
		{CE0C8844-AB2F-4D1D-BC41-267947D94676}.Debug|iPhone.Build.0 = Debug|Any CPU
		{CE0C8844-AB2F-4D1D-BC41-267947D94676}.Debug|iPhoneSimulator.ActiveCfg = Debug|Any CPU
		{CE0C8844-AB2F-4D1D-BC41-267947D94676}.Debug|iPhoneSimulator.Build.0 = Debug|Any CPU
		{CE0C8844-AB2F-4D1D-BC41-267947D94676}.Debug|x64.ActiveCfg = Debug|x64
		{CE0C8844-AB2F-4D1D-BC41-267947D94676}.Debug|x64.Build.0 = Debug|x64
		{CE0C8844-AB2F-4D1D-BC41-267947D94676}.Debug|x86.ActiveCfg = Debug|x86
		{CE0C8844-AB2F-4D1D-BC41-267947D94676}.Debug|x86.Build.0 = Debug|x86
		{CE0C8844-AB2F-4D1D-BC41-267947D94676}.Release|Any CPU.ActiveCfg = Release|Any CPU
		{CE0C8844-AB2F-4D1D-BC41-267947D94676}.Release|Any CPU.Build.0 = Release|Any CPU
		{CE0C8844-AB2F-4D1D-BC41-267947D94676}.Release|ARM.ActiveCfg = Release|ARM
		{CE0C8844-AB2F-4D1D-BC41-267947D94676}.Release|ARM.Build.0 = Release|ARM
		{CE0C8844-AB2F-4D1D-BC41-267947D94676}.Release|iPhone.ActiveCfg = Release|Any CPU
		{CE0C8844-AB2F-4D1D-BC41-267947D94676}.Release|iPhone.Build.0 = Release|Any CPU
		{CE0C8844-AB2F-4D1D-BC41-267947D94676}.Release|iPhoneSimulator.ActiveCfg = Release|Any CPU
		{CE0C8844-AB2F-4D1D-BC41-267947D94676}.Release|iPhoneSimulator.Build.0 = Release|Any CPU
		{CE0C8844-AB2F-4D1D-BC41-267947D94676}.Release|x64.ActiveCfg = Release|x64
		{CE0C8844-AB2F-4D1D-BC41-267947D94676}.Release|x64.Build.0 = Release|x64
		{CE0C8844-AB2F-4D1D-BC41-267947D94676}.Release|x86.ActiveCfg = Release|x86
		{CE0C8844-AB2F-4D1D-BC41-267947D94676}.Release|x86.Build.0 = Release|x86
		{B92ABDA3-7774-4F53-91D3-C0B3D834287C}.Ad-Hoc|Any CPU.ActiveCfg = Release|Any CPU
		{B92ABDA3-7774-4F53-91D3-C0B3D834287C}.Ad-Hoc|Any CPU.Build.0 = Release|Any CPU
		{B92ABDA3-7774-4F53-91D3-C0B3D834287C}.Ad-Hoc|ARM.ActiveCfg = Release|ARM
		{B92ABDA3-7774-4F53-91D3-C0B3D834287C}.Ad-Hoc|ARM.Build.0 = Release|ARM
		{B92ABDA3-7774-4F53-91D3-C0B3D834287C}.Ad-Hoc|iPhone.ActiveCfg = Release|Any CPU
		{B92ABDA3-7774-4F53-91D3-C0B3D834287C}.Ad-Hoc|iPhone.Build.0 = Release|Any CPU
		{B92ABDA3-7774-4F53-91D3-C0B3D834287C}.Ad-Hoc|iPhoneSimulator.ActiveCfg = Release|Any CPU
		{B92ABDA3-7774-4F53-91D3-C0B3D834287C}.Ad-Hoc|iPhoneSimulator.Build.0 = Release|Any CPU
		{B92ABDA3-7774-4F53-91D3-C0B3D834287C}.Ad-Hoc|x64.ActiveCfg = Release|Any CPU
		{B92ABDA3-7774-4F53-91D3-C0B3D834287C}.Ad-Hoc|x64.Build.0 = Release|Any CPU
		{B92ABDA3-7774-4F53-91D3-C0B3D834287C}.Ad-Hoc|x86.ActiveCfg = Release|x86
		{B92ABDA3-7774-4F53-91D3-C0B3D834287C}.Ad-Hoc|x86.Build.0 = Release|x86
		{B92ABDA3-7774-4F53-91D3-C0B3D834287C}.AppStore|Any CPU.ActiveCfg = Release|Any CPU
		{B92ABDA3-7774-4F53-91D3-C0B3D834287C}.AppStore|Any CPU.Build.0 = Release|Any CPU
		{B92ABDA3-7774-4F53-91D3-C0B3D834287C}.AppStore|ARM.ActiveCfg = Release|ARM
		{B92ABDA3-7774-4F53-91D3-C0B3D834287C}.AppStore|ARM.Build.0 = Release|ARM
		{B92ABDA3-7774-4F53-91D3-C0B3D834287C}.AppStore|iPhone.ActiveCfg = Release|Any CPU
		{B92ABDA3-7774-4F53-91D3-C0B3D834287C}.AppStore|iPhone.Build.0 = Release|Any CPU
		{B92ABDA3-7774-4F53-91D3-C0B3D834287C}.AppStore|iPhoneSimulator.ActiveCfg = Release|Any CPU
		{B92ABDA3-7774-4F53-91D3-C0B3D834287C}.AppStore|iPhoneSimulator.Build.0 = Release|Any CPU
		{B92ABDA3-7774-4F53-91D3-C0B3D834287C}.AppStore|x64.ActiveCfg = Release|Any CPU
		{B92ABDA3-7774-4F53-91D3-C0B3D834287C}.AppStore|x64.Build.0 = Release|Any CPU
		{B92ABDA3-7774-4F53-91D3-C0B3D834287C}.AppStore|x86.ActiveCfg = Release|x86
		{B92ABDA3-7774-4F53-91D3-C0B3D834287C}.AppStore|x86.Build.0 = Release|x86
		{B92ABDA3-7774-4F53-91D3-C0B3D834287C}.Debug|Any CPU.ActiveCfg = Debug|Any CPU
		{B92ABDA3-7774-4F53-91D3-C0B3D834287C}.Debug|Any CPU.Build.0 = Debug|Any CPU
		{B92ABDA3-7774-4F53-91D3-C0B3D834287C}.Debug|ARM.ActiveCfg = Debug|ARM
		{B92ABDA3-7774-4F53-91D3-C0B3D834287C}.Debug|ARM.Build.0 = Debug|ARM
		{B92ABDA3-7774-4F53-91D3-C0B3D834287C}.Debug|iPhone.ActiveCfg = Debug|Any CPU
		{B92ABDA3-7774-4F53-91D3-C0B3D834287C}.Debug|iPhone.Build.0 = Debug|Any CPU
		{B92ABDA3-7774-4F53-91D3-C0B3D834287C}.Debug|iPhoneSimulator.ActiveCfg = Debug|Any CPU
		{B92ABDA3-7774-4F53-91D3-C0B3D834287C}.Debug|iPhoneSimulator.Build.0 = Debug|Any CPU
		{B92ABDA3-7774-4F53-91D3-C0B3D834287C}.Debug|x64.ActiveCfg = Debug|Any CPU
		{B92ABDA3-7774-4F53-91D3-C0B3D834287C}.Debug|x64.Build.0 = Debug|Any CPU
		{B92ABDA3-7774-4F53-91D3-C0B3D834287C}.Debug|x86.ActiveCfg = Debug|x86
		{B92ABDA3-7774-4F53-91D3-C0B3D834287C}.Debug|x86.Build.0 = Debug|x86
		{B92ABDA3-7774-4F53-91D3-C0B3D834287C}.Release|Any CPU.ActiveCfg = Release|Any CPU
		{B92ABDA3-7774-4F53-91D3-C0B3D834287C}.Release|Any CPU.Build.0 = Release|Any CPU
		{B92ABDA3-7774-4F53-91D3-C0B3D834287C}.Release|ARM.ActiveCfg = Release|ARM
		{B92ABDA3-7774-4F53-91D3-C0B3D834287C}.Release|ARM.Build.0 = Release|ARM
		{B92ABDA3-7774-4F53-91D3-C0B3D834287C}.Release|iPhone.ActiveCfg = Release|Any CPU
		{B92ABDA3-7774-4F53-91D3-C0B3D834287C}.Release|iPhone.Build.0 = Release|Any CPU
		{B92ABDA3-7774-4F53-91D3-C0B3D834287C}.Release|iPhoneSimulator.ActiveCfg = Release|Any CPU
		{B92ABDA3-7774-4F53-91D3-C0B3D834287C}.Release|iPhoneSimulator.Build.0 = Release|Any CPU
		{B92ABDA3-7774-4F53-91D3-C0B3D834287C}.Release|x64.ActiveCfg = Release|Any CPU
		{B92ABDA3-7774-4F53-91D3-C0B3D834287C}.Release|x64.Build.0 = Release|Any CPU
		{B92ABDA3-7774-4F53-91D3-C0B3D834287C}.Release|x86.ActiveCfg = Release|x86
		{B92ABDA3-7774-4F53-91D3-C0B3D834287C}.Release|x86.Build.0 = Release|x86
		{666CE2D7-FC2F-4E9D-AD7C-C11A1498522D}.Ad-Hoc|Any CPU.ActiveCfg = Release|x64
		{666CE2D7-FC2F-4E9D-AD7C-C11A1498522D}.Ad-Hoc|Any CPU.Build.0 = Release|x64
		{666CE2D7-FC2F-4E9D-AD7C-C11A1498522D}.Ad-Hoc|Any CPU.Deploy.0 = Release|x64
		{666CE2D7-FC2F-4E9D-AD7C-C11A1498522D}.Ad-Hoc|ARM.ActiveCfg = Release|ARM
		{666CE2D7-FC2F-4E9D-AD7C-C11A1498522D}.Ad-Hoc|ARM.Build.0 = Release|ARM
		{666CE2D7-FC2F-4E9D-AD7C-C11A1498522D}.Ad-Hoc|ARM.Deploy.0 = Release|ARM
		{666CE2D7-FC2F-4E9D-AD7C-C11A1498522D}.Ad-Hoc|iPhone.ActiveCfg = Release|x64
		{666CE2D7-FC2F-4E9D-AD7C-C11A1498522D}.Ad-Hoc|iPhone.Build.0 = Release|x64
		{666CE2D7-FC2F-4E9D-AD7C-C11A1498522D}.Ad-Hoc|iPhone.Deploy.0 = Release|x64
		{666CE2D7-FC2F-4E9D-AD7C-C11A1498522D}.Ad-Hoc|iPhoneSimulator.ActiveCfg = Release|x64
		{666CE2D7-FC2F-4E9D-AD7C-C11A1498522D}.Ad-Hoc|iPhoneSimulator.Build.0 = Release|x64
		{666CE2D7-FC2F-4E9D-AD7C-C11A1498522D}.Ad-Hoc|iPhoneSimulator.Deploy.0 = Release|x64
		{666CE2D7-FC2F-4E9D-AD7C-C11A1498522D}.Ad-Hoc|x64.ActiveCfg = Release|x64
		{666CE2D7-FC2F-4E9D-AD7C-C11A1498522D}.Ad-Hoc|x64.Build.0 = Release|x64
		{666CE2D7-FC2F-4E9D-AD7C-C11A1498522D}.Ad-Hoc|x64.Deploy.0 = Release|x64
		{666CE2D7-FC2F-4E9D-AD7C-C11A1498522D}.Ad-Hoc|x86.ActiveCfg = Release|x86
		{666CE2D7-FC2F-4E9D-AD7C-C11A1498522D}.Ad-Hoc|x86.Build.0 = Release|x86
		{666CE2D7-FC2F-4E9D-AD7C-C11A1498522D}.Ad-Hoc|x86.Deploy.0 = Release|x86
		{666CE2D7-FC2F-4E9D-AD7C-C11A1498522D}.AppStore|Any CPU.ActiveCfg = Release|x64
		{666CE2D7-FC2F-4E9D-AD7C-C11A1498522D}.AppStore|Any CPU.Build.0 = Release|x64
		{666CE2D7-FC2F-4E9D-AD7C-C11A1498522D}.AppStore|Any CPU.Deploy.0 = Release|x64
		{666CE2D7-FC2F-4E9D-AD7C-C11A1498522D}.AppStore|ARM.ActiveCfg = Release|ARM
		{666CE2D7-FC2F-4E9D-AD7C-C11A1498522D}.AppStore|ARM.Build.0 = Release|ARM
		{666CE2D7-FC2F-4E9D-AD7C-C11A1498522D}.AppStore|ARM.Deploy.0 = Release|ARM
		{666CE2D7-FC2F-4E9D-AD7C-C11A1498522D}.AppStore|iPhone.ActiveCfg = Release|x64
		{666CE2D7-FC2F-4E9D-AD7C-C11A1498522D}.AppStore|iPhone.Build.0 = Release|x64
		{666CE2D7-FC2F-4E9D-AD7C-C11A1498522D}.AppStore|iPhone.Deploy.0 = Release|x64
		{666CE2D7-FC2F-4E9D-AD7C-C11A1498522D}.AppStore|iPhoneSimulator.ActiveCfg = Release|x64
		{666CE2D7-FC2F-4E9D-AD7C-C11A1498522D}.AppStore|iPhoneSimulator.Build.0 = Release|x64
		{666CE2D7-FC2F-4E9D-AD7C-C11A1498522D}.AppStore|iPhoneSimulator.Deploy.0 = Release|x64
		{666CE2D7-FC2F-4E9D-AD7C-C11A1498522D}.AppStore|x64.ActiveCfg = Release|x64
		{666CE2D7-FC2F-4E9D-AD7C-C11A1498522D}.AppStore|x64.Build.0 = Release|x64
		{666CE2D7-FC2F-4E9D-AD7C-C11A1498522D}.AppStore|x64.Deploy.0 = Release|x64
		{666CE2D7-FC2F-4E9D-AD7C-C11A1498522D}.AppStore|x86.ActiveCfg = Release|x86
		{666CE2D7-FC2F-4E9D-AD7C-C11A1498522D}.AppStore|x86.Build.0 = Release|x86
		{666CE2D7-FC2F-4E9D-AD7C-C11A1498522D}.AppStore|x86.Deploy.0 = Release|x86
		{666CE2D7-FC2F-4E9D-AD7C-C11A1498522D}.Debug|Any CPU.ActiveCfg = Debug|x86
		{666CE2D7-FC2F-4E9D-AD7C-C11A1498522D}.Debug|ARM.ActiveCfg = Debug|ARM
		{666CE2D7-FC2F-4E9D-AD7C-C11A1498522D}.Debug|ARM.Build.0 = Debug|ARM
		{666CE2D7-FC2F-4E9D-AD7C-C11A1498522D}.Debug|ARM.Deploy.0 = Debug|ARM
		{666CE2D7-FC2F-4E9D-AD7C-C11A1498522D}.Debug|iPhone.ActiveCfg = Debug|x86
		{666CE2D7-FC2F-4E9D-AD7C-C11A1498522D}.Debug|iPhoneSimulator.ActiveCfg = Debug|x86
		{666CE2D7-FC2F-4E9D-AD7C-C11A1498522D}.Debug|x64.ActiveCfg = Debug|x64
		{666CE2D7-FC2F-4E9D-AD7C-C11A1498522D}.Debug|x64.Build.0 = Debug|x64
		{666CE2D7-FC2F-4E9D-AD7C-C11A1498522D}.Debug|x64.Deploy.0 = Debug|x64
		{666CE2D7-FC2F-4E9D-AD7C-C11A1498522D}.Debug|x86.ActiveCfg = Debug|x86
		{666CE2D7-FC2F-4E9D-AD7C-C11A1498522D}.Debug|x86.Build.0 = Debug|x86
		{666CE2D7-FC2F-4E9D-AD7C-C11A1498522D}.Debug|x86.Deploy.0 = Debug|x86
		{666CE2D7-FC2F-4E9D-AD7C-C11A1498522D}.Release|Any CPU.ActiveCfg = Release|x86
		{666CE2D7-FC2F-4E9D-AD7C-C11A1498522D}.Release|ARM.ActiveCfg = Release|ARM
		{666CE2D7-FC2F-4E9D-AD7C-C11A1498522D}.Release|ARM.Build.0 = Release|ARM
		{666CE2D7-FC2F-4E9D-AD7C-C11A1498522D}.Release|ARM.Deploy.0 = Release|ARM
		{666CE2D7-FC2F-4E9D-AD7C-C11A1498522D}.Release|iPhone.ActiveCfg = Release|x86
		{666CE2D7-FC2F-4E9D-AD7C-C11A1498522D}.Release|iPhoneSimulator.ActiveCfg = Release|x86
		{666CE2D7-FC2F-4E9D-AD7C-C11A1498522D}.Release|x64.ActiveCfg = Release|x64
		{666CE2D7-FC2F-4E9D-AD7C-C11A1498522D}.Release|x64.Build.0 = Release|x64
		{666CE2D7-FC2F-4E9D-AD7C-C11A1498522D}.Release|x64.Deploy.0 = Release|x64
		{666CE2D7-FC2F-4E9D-AD7C-C11A1498522D}.Release|x86.ActiveCfg = Release|x86
		{666CE2D7-FC2F-4E9D-AD7C-C11A1498522D}.Release|x86.Build.0 = Release|x86
		{666CE2D7-FC2F-4E9D-AD7C-C11A1498522D}.Release|x86.Deploy.0 = Release|x86
		{4F5E1E39-84A2-4931-B9F8-84A655B7B481}.Ad-Hoc|Any CPU.ActiveCfg = Release|Any CPU
		{4F5E1E39-84A2-4931-B9F8-84A655B7B481}.Ad-Hoc|Any CPU.Build.0 = Release|Any CPU
		{4F5E1E39-84A2-4931-B9F8-84A655B7B481}.Ad-Hoc|Any CPU.Deploy.0 = Release|Any CPU
		{4F5E1E39-84A2-4931-B9F8-84A655B7B481}.Ad-Hoc|ARM.ActiveCfg = Release|ARM
		{4F5E1E39-84A2-4931-B9F8-84A655B7B481}.Ad-Hoc|ARM.Build.0 = Release|ARM
		{4F5E1E39-84A2-4931-B9F8-84A655B7B481}.Ad-Hoc|ARM.Deploy.0 = Release|ARM
		{4F5E1E39-84A2-4931-B9F8-84A655B7B481}.Ad-Hoc|iPhone.ActiveCfg = Release|Any CPU
		{4F5E1E39-84A2-4931-B9F8-84A655B7B481}.Ad-Hoc|iPhone.Build.0 = Release|Any CPU
		{4F5E1E39-84A2-4931-B9F8-84A655B7B481}.Ad-Hoc|iPhone.Deploy.0 = Release|Any CPU
		{4F5E1E39-84A2-4931-B9F8-84A655B7B481}.Ad-Hoc|iPhoneSimulator.ActiveCfg = Release|Any CPU
		{4F5E1E39-84A2-4931-B9F8-84A655B7B481}.Ad-Hoc|iPhoneSimulator.Build.0 = Release|Any CPU
		{4F5E1E39-84A2-4931-B9F8-84A655B7B481}.Ad-Hoc|iPhoneSimulator.Deploy.0 = Release|Any CPU
		{4F5E1E39-84A2-4931-B9F8-84A655B7B481}.Ad-Hoc|x64.ActiveCfg = Release|x64
		{4F5E1E39-84A2-4931-B9F8-84A655B7B481}.Ad-Hoc|x64.Build.0 = Release|x64
		{4F5E1E39-84A2-4931-B9F8-84A655B7B481}.Ad-Hoc|x64.Deploy.0 = Release|x64
		{4F5E1E39-84A2-4931-B9F8-84A655B7B481}.Ad-Hoc|x86.ActiveCfg = Release|x86
		{4F5E1E39-84A2-4931-B9F8-84A655B7B481}.Ad-Hoc|x86.Build.0 = Release|x86
		{4F5E1E39-84A2-4931-B9F8-84A655B7B481}.Ad-Hoc|x86.Deploy.0 = Release|x86
		{4F5E1E39-84A2-4931-B9F8-84A655B7B481}.AppStore|Any CPU.ActiveCfg = Release|Any CPU
		{4F5E1E39-84A2-4931-B9F8-84A655B7B481}.AppStore|Any CPU.Build.0 = Release|Any CPU
		{4F5E1E39-84A2-4931-B9F8-84A655B7B481}.AppStore|Any CPU.Deploy.0 = Release|Any CPU
		{4F5E1E39-84A2-4931-B9F8-84A655B7B481}.AppStore|ARM.ActiveCfg = Release|ARM
		{4F5E1E39-84A2-4931-B9F8-84A655B7B481}.AppStore|ARM.Build.0 = Release|ARM
		{4F5E1E39-84A2-4931-B9F8-84A655B7B481}.AppStore|ARM.Deploy.0 = Release|ARM
		{4F5E1E39-84A2-4931-B9F8-84A655B7B481}.AppStore|iPhone.ActiveCfg = Release|Any CPU
		{4F5E1E39-84A2-4931-B9F8-84A655B7B481}.AppStore|iPhone.Build.0 = Release|Any CPU
		{4F5E1E39-84A2-4931-B9F8-84A655B7B481}.AppStore|iPhone.Deploy.0 = Release|Any CPU
		{4F5E1E39-84A2-4931-B9F8-84A655B7B481}.AppStore|iPhoneSimulator.ActiveCfg = Release|Any CPU
		{4F5E1E39-84A2-4931-B9F8-84A655B7B481}.AppStore|iPhoneSimulator.Build.0 = Release|Any CPU
		{4F5E1E39-84A2-4931-B9F8-84A655B7B481}.AppStore|iPhoneSimulator.Deploy.0 = Release|Any CPU
		{4F5E1E39-84A2-4931-B9F8-84A655B7B481}.AppStore|x64.ActiveCfg = Release|x64
		{4F5E1E39-84A2-4931-B9F8-84A655B7B481}.AppStore|x64.Build.0 = Release|x64
		{4F5E1E39-84A2-4931-B9F8-84A655B7B481}.AppStore|x64.Deploy.0 = Release|x64
		{4F5E1E39-84A2-4931-B9F8-84A655B7B481}.AppStore|x86.ActiveCfg = Release|x86
		{4F5E1E39-84A2-4931-B9F8-84A655B7B481}.AppStore|x86.Build.0 = Release|x86
		{4F5E1E39-84A2-4931-B9F8-84A655B7B481}.AppStore|x86.Deploy.0 = Release|x86
		{4F5E1E39-84A2-4931-B9F8-84A655B7B481}.Debug|Any CPU.ActiveCfg = Debug|Any CPU
		{4F5E1E39-84A2-4931-B9F8-84A655B7B481}.Debug|Any CPU.Build.0 = Debug|Any CPU
		{4F5E1E39-84A2-4931-B9F8-84A655B7B481}.Debug|Any CPU.Deploy.0 = Debug|Any CPU
		{4F5E1E39-84A2-4931-B9F8-84A655B7B481}.Debug|ARM.ActiveCfg = Debug|ARM
		{4F5E1E39-84A2-4931-B9F8-84A655B7B481}.Debug|ARM.Build.0 = Debug|ARM
		{4F5E1E39-84A2-4931-B9F8-84A655B7B481}.Debug|ARM.Deploy.0 = Debug|ARM
		{4F5E1E39-84A2-4931-B9F8-84A655B7B481}.Debug|iPhone.ActiveCfg = Debug|Any CPU
		{4F5E1E39-84A2-4931-B9F8-84A655B7B481}.Debug|iPhone.Build.0 = Debug|Any CPU
		{4F5E1E39-84A2-4931-B9F8-84A655B7B481}.Debug|iPhone.Deploy.0 = Debug|Any CPU
		{4F5E1E39-84A2-4931-B9F8-84A655B7B481}.Debug|iPhoneSimulator.ActiveCfg = Debug|Any CPU
		{4F5E1E39-84A2-4931-B9F8-84A655B7B481}.Debug|iPhoneSimulator.Build.0 = Debug|Any CPU
		{4F5E1E39-84A2-4931-B9F8-84A655B7B481}.Debug|iPhoneSimulator.Deploy.0 = Debug|Any CPU
		{4F5E1E39-84A2-4931-B9F8-84A655B7B481}.Debug|x64.ActiveCfg = Debug|x64
		{4F5E1E39-84A2-4931-B9F8-84A655B7B481}.Debug|x64.Build.0 = Debug|x64
		{4F5E1E39-84A2-4931-B9F8-84A655B7B481}.Debug|x64.Deploy.0 = Debug|x64
		{4F5E1E39-84A2-4931-B9F8-84A655B7B481}.Debug|x86.ActiveCfg = Debug|x86
		{4F5E1E39-84A2-4931-B9F8-84A655B7B481}.Debug|x86.Build.0 = Debug|x86
		{4F5E1E39-84A2-4931-B9F8-84A655B7B481}.Debug|x86.Deploy.0 = Debug|x86
		{4F5E1E39-84A2-4931-B9F8-84A655B7B481}.Release|Any CPU.ActiveCfg = Release|Any CPU
		{4F5E1E39-84A2-4931-B9F8-84A655B7B481}.Release|Any CPU.Build.0 = Release|Any CPU
		{4F5E1E39-84A2-4931-B9F8-84A655B7B481}.Release|Any CPU.Deploy.0 = Release|Any CPU
		{4F5E1E39-84A2-4931-B9F8-84A655B7B481}.Release|ARM.ActiveCfg = Release|ARM
		{4F5E1E39-84A2-4931-B9F8-84A655B7B481}.Release|ARM.Build.0 = Release|ARM
		{4F5E1E39-84A2-4931-B9F8-84A655B7B481}.Release|ARM.Deploy.0 = Release|ARM
		{4F5E1E39-84A2-4931-B9F8-84A655B7B481}.Release|iPhone.ActiveCfg = Release|Any CPU
		{4F5E1E39-84A2-4931-B9F8-84A655B7B481}.Release|iPhone.Build.0 = Release|Any CPU
		{4F5E1E39-84A2-4931-B9F8-84A655B7B481}.Release|iPhone.Deploy.0 = Release|Any CPU
		{4F5E1E39-84A2-4931-B9F8-84A655B7B481}.Release|iPhoneSimulator.ActiveCfg = Release|Any CPU
		{4F5E1E39-84A2-4931-B9F8-84A655B7B481}.Release|iPhoneSimulator.Build.0 = Release|Any CPU
		{4F5E1E39-84A2-4931-B9F8-84A655B7B481}.Release|iPhoneSimulator.Deploy.0 = Release|Any CPU
		{4F5E1E39-84A2-4931-B9F8-84A655B7B481}.Release|x64.ActiveCfg = Release|x64
		{4F5E1E39-84A2-4931-B9F8-84A655B7B481}.Release|x64.Build.0 = Release|x64
		{4F5E1E39-84A2-4931-B9F8-84A655B7B481}.Release|x64.Deploy.0 = Release|x64
		{4F5E1E39-84A2-4931-B9F8-84A655B7B481}.Release|x86.ActiveCfg = Release|x86
		{4F5E1E39-84A2-4931-B9F8-84A655B7B481}.Release|x86.Build.0 = Release|x86
		{4F5E1E39-84A2-4931-B9F8-84A655B7B481}.Release|x86.Deploy.0 = Release|x86
		{44F86381-8CED-4373-8C45-46E39FF01CEA}.Ad-Hoc|Any CPU.ActiveCfg = Release|Any CPU
		{44F86381-8CED-4373-8C45-46E39FF01CEA}.Ad-Hoc|Any CPU.Build.0 = Release|Any CPU
		{44F86381-8CED-4373-8C45-46E39FF01CEA}.Ad-Hoc|Any CPU.Deploy.0 = Release|Any CPU
		{44F86381-8CED-4373-8C45-46E39FF01CEA}.Ad-Hoc|ARM.ActiveCfg = Release|ARM
		{44F86381-8CED-4373-8C45-46E39FF01CEA}.Ad-Hoc|ARM.Build.0 = Release|ARM
		{44F86381-8CED-4373-8C45-46E39FF01CEA}.Ad-Hoc|ARM.Deploy.0 = Release|ARM
		{44F86381-8CED-4373-8C45-46E39FF01CEA}.Ad-Hoc|iPhone.ActiveCfg = Release|Any CPU
		{44F86381-8CED-4373-8C45-46E39FF01CEA}.Ad-Hoc|iPhone.Build.0 = Release|Any CPU
		{44F86381-8CED-4373-8C45-46E39FF01CEA}.Ad-Hoc|iPhone.Deploy.0 = Release|Any CPU
		{44F86381-8CED-4373-8C45-46E39FF01CEA}.Ad-Hoc|iPhoneSimulator.ActiveCfg = Release|Any CPU
		{44F86381-8CED-4373-8C45-46E39FF01CEA}.Ad-Hoc|iPhoneSimulator.Build.0 = Release|Any CPU
		{44F86381-8CED-4373-8C45-46E39FF01CEA}.Ad-Hoc|iPhoneSimulator.Deploy.0 = Release|Any CPU
		{44F86381-8CED-4373-8C45-46E39FF01CEA}.Ad-Hoc|x64.ActiveCfg = Release|Any CPU
		{44F86381-8CED-4373-8C45-46E39FF01CEA}.Ad-Hoc|x64.Build.0 = Release|Any CPU
		{44F86381-8CED-4373-8C45-46E39FF01CEA}.Ad-Hoc|x64.Deploy.0 = Release|Any CPU
		{44F86381-8CED-4373-8C45-46E39FF01CEA}.Ad-Hoc|x86.ActiveCfg = Release|x86
		{44F86381-8CED-4373-8C45-46E39FF01CEA}.Ad-Hoc|x86.Build.0 = Release|x86
		{44F86381-8CED-4373-8C45-46E39FF01CEA}.Ad-Hoc|x86.Deploy.0 = Release|x86
		{44F86381-8CED-4373-8C45-46E39FF01CEA}.AppStore|Any CPU.ActiveCfg = Release|Any CPU
		{44F86381-8CED-4373-8C45-46E39FF01CEA}.AppStore|Any CPU.Build.0 = Release|Any CPU
		{44F86381-8CED-4373-8C45-46E39FF01CEA}.AppStore|Any CPU.Deploy.0 = Release|Any CPU
		{44F86381-8CED-4373-8C45-46E39FF01CEA}.AppStore|ARM.ActiveCfg = Release|ARM
		{44F86381-8CED-4373-8C45-46E39FF01CEA}.AppStore|ARM.Build.0 = Release|ARM
		{44F86381-8CED-4373-8C45-46E39FF01CEA}.AppStore|ARM.Deploy.0 = Release|ARM
		{44F86381-8CED-4373-8C45-46E39FF01CEA}.AppStore|iPhone.ActiveCfg = Release|Any CPU
		{44F86381-8CED-4373-8C45-46E39FF01CEA}.AppStore|iPhone.Build.0 = Release|Any CPU
		{44F86381-8CED-4373-8C45-46E39FF01CEA}.AppStore|iPhone.Deploy.0 = Release|Any CPU
		{44F86381-8CED-4373-8C45-46E39FF01CEA}.AppStore|iPhoneSimulator.ActiveCfg = Release|Any CPU
		{44F86381-8CED-4373-8C45-46E39FF01CEA}.AppStore|iPhoneSimulator.Build.0 = Release|Any CPU
		{44F86381-8CED-4373-8C45-46E39FF01CEA}.AppStore|iPhoneSimulator.Deploy.0 = Release|Any CPU
		{44F86381-8CED-4373-8C45-46E39FF01CEA}.AppStore|x64.ActiveCfg = Release|Any CPU
		{44F86381-8CED-4373-8C45-46E39FF01CEA}.AppStore|x64.Build.0 = Release|Any CPU
		{44F86381-8CED-4373-8C45-46E39FF01CEA}.AppStore|x64.Deploy.0 = Release|Any CPU
		{44F86381-8CED-4373-8C45-46E39FF01CEA}.AppStore|x86.ActiveCfg = Release|x86
		{44F86381-8CED-4373-8C45-46E39FF01CEA}.AppStore|x86.Build.0 = Release|x86
		{44F86381-8CED-4373-8C45-46E39FF01CEA}.AppStore|x86.Deploy.0 = Release|x86
		{44F86381-8CED-4373-8C45-46E39FF01CEA}.Debug|Any CPU.ActiveCfg = Debug|Any CPU
		{44F86381-8CED-4373-8C45-46E39FF01CEA}.Debug|Any CPU.Build.0 = Debug|Any CPU
		{44F86381-8CED-4373-8C45-46E39FF01CEA}.Debug|Any CPU.Deploy.0 = Debug|Any CPU
		{44F86381-8CED-4373-8C45-46E39FF01CEA}.Debug|ARM.ActiveCfg = Debug|ARM
		{44F86381-8CED-4373-8C45-46E39FF01CEA}.Debug|ARM.Build.0 = Debug|ARM
		{44F86381-8CED-4373-8C45-46E39FF01CEA}.Debug|ARM.Deploy.0 = Debug|ARM
		{44F86381-8CED-4373-8C45-46E39FF01CEA}.Debug|iPhone.ActiveCfg = Debug|Any CPU
		{44F86381-8CED-4373-8C45-46E39FF01CEA}.Debug|iPhone.Build.0 = Debug|Any CPU
		{44F86381-8CED-4373-8C45-46E39FF01CEA}.Debug|iPhone.Deploy.0 = Debug|Any CPU
		{44F86381-8CED-4373-8C45-46E39FF01CEA}.Debug|iPhoneSimulator.ActiveCfg = Debug|Any CPU
		{44F86381-8CED-4373-8C45-46E39FF01CEA}.Debug|iPhoneSimulator.Build.0 = Debug|Any CPU
		{44F86381-8CED-4373-8C45-46E39FF01CEA}.Debug|iPhoneSimulator.Deploy.0 = Debug|Any CPU
		{44F86381-8CED-4373-8C45-46E39FF01CEA}.Debug|x64.ActiveCfg = Debug|Any CPU
		{44F86381-8CED-4373-8C45-46E39FF01CEA}.Debug|x64.Build.0 = Debug|Any CPU
		{44F86381-8CED-4373-8C45-46E39FF01CEA}.Debug|x64.Deploy.0 = Debug|Any CPU
		{44F86381-8CED-4373-8C45-46E39FF01CEA}.Debug|x86.ActiveCfg = Debug|x86
		{44F86381-8CED-4373-8C45-46E39FF01CEA}.Debug|x86.Build.0 = Debug|x86
		{44F86381-8CED-4373-8C45-46E39FF01CEA}.Debug|x86.Deploy.0 = Debug|x86
		{44F86381-8CED-4373-8C45-46E39FF01CEA}.Release|Any CPU.ActiveCfg = Release|Any CPU
		{44F86381-8CED-4373-8C45-46E39FF01CEA}.Release|Any CPU.Build.0 = Release|Any CPU
		{44F86381-8CED-4373-8C45-46E39FF01CEA}.Release|Any CPU.Deploy.0 = Release|Any CPU
		{44F86381-8CED-4373-8C45-46E39FF01CEA}.Release|ARM.ActiveCfg = Release|ARM
		{44F86381-8CED-4373-8C45-46E39FF01CEA}.Release|ARM.Build.0 = Release|ARM
		{44F86381-8CED-4373-8C45-46E39FF01CEA}.Release|ARM.Deploy.0 = Release|ARM
		{44F86381-8CED-4373-8C45-46E39FF01CEA}.Release|iPhone.ActiveCfg = Release|Any CPU
		{44F86381-8CED-4373-8C45-46E39FF01CEA}.Release|iPhone.Build.0 = Release|Any CPU
		{44F86381-8CED-4373-8C45-46E39FF01CEA}.Release|iPhone.Deploy.0 = Release|Any CPU
		{44F86381-8CED-4373-8C45-46E39FF01CEA}.Release|iPhoneSimulator.ActiveCfg = Release|Any CPU
		{44F86381-8CED-4373-8C45-46E39FF01CEA}.Release|iPhoneSimulator.Build.0 = Release|Any CPU
		{44F86381-8CED-4373-8C45-46E39FF01CEA}.Release|iPhoneSimulator.Deploy.0 = Release|Any CPU
		{44F86381-8CED-4373-8C45-46E39FF01CEA}.Release|x64.ActiveCfg = Release|Any CPU
		{44F86381-8CED-4373-8C45-46E39FF01CEA}.Release|x64.Build.0 = Release|Any CPU
		{44F86381-8CED-4373-8C45-46E39FF01CEA}.Release|x64.Deploy.0 = Release|Any CPU
		{44F86381-8CED-4373-8C45-46E39FF01CEA}.Release|x86.ActiveCfg = Release|x86
		{44F86381-8CED-4373-8C45-46E39FF01CEA}.Release|x86.Build.0 = Release|x86
		{44F86381-8CED-4373-8C45-46E39FF01CEA}.Release|x86.Deploy.0 = Release|x86
		{13C9942E-66D2-4EF3-B8A5-36B5FA2808FB}.Ad-Hoc|Any CPU.ActiveCfg = Release|Any CPU
		{13C9942E-66D2-4EF3-B8A5-36B5FA2808FB}.Ad-Hoc|Any CPU.Build.0 = Release|Any CPU
		{13C9942E-66D2-4EF3-B8A5-36B5FA2808FB}.Ad-Hoc|Any CPU.Deploy.0 = Release|Any CPU
		{13C9942E-66D2-4EF3-B8A5-36B5FA2808FB}.Ad-Hoc|ARM.ActiveCfg = Release|Any CPU
		{13C9942E-66D2-4EF3-B8A5-36B5FA2808FB}.Ad-Hoc|ARM.Build.0 = Release|Any CPU
		{13C9942E-66D2-4EF3-B8A5-36B5FA2808FB}.Ad-Hoc|ARM.Deploy.0 = Release|Any CPU
		{13C9942E-66D2-4EF3-B8A5-36B5FA2808FB}.Ad-Hoc|iPhone.ActiveCfg = Release|Any CPU
		{13C9942E-66D2-4EF3-B8A5-36B5FA2808FB}.Ad-Hoc|iPhone.Build.0 = Release|Any CPU
		{13C9942E-66D2-4EF3-B8A5-36B5FA2808FB}.Ad-Hoc|iPhone.Deploy.0 = Release|Any CPU
		{13C9942E-66D2-4EF3-B8A5-36B5FA2808FB}.Ad-Hoc|iPhoneSimulator.ActiveCfg = Release|Any CPU
		{13C9942E-66D2-4EF3-B8A5-36B5FA2808FB}.Ad-Hoc|iPhoneSimulator.Build.0 = Release|Any CPU
		{13C9942E-66D2-4EF3-B8A5-36B5FA2808FB}.Ad-Hoc|iPhoneSimulator.Deploy.0 = Release|Any CPU
		{13C9942E-66D2-4EF3-B8A5-36B5FA2808FB}.Ad-Hoc|x64.ActiveCfg = Release|Any CPU
		{13C9942E-66D2-4EF3-B8A5-36B5FA2808FB}.Ad-Hoc|x64.Build.0 = Release|Any CPU
		{13C9942E-66D2-4EF3-B8A5-36B5FA2808FB}.Ad-Hoc|x64.Deploy.0 = Release|Any CPU
		{13C9942E-66D2-4EF3-B8A5-36B5FA2808FB}.Ad-Hoc|x86.ActiveCfg = Release|Any CPU
		{13C9942E-66D2-4EF3-B8A5-36B5FA2808FB}.Ad-Hoc|x86.Build.0 = Release|Any CPU
		{13C9942E-66D2-4EF3-B8A5-36B5FA2808FB}.Ad-Hoc|x86.Deploy.0 = Release|Any CPU
		{13C9942E-66D2-4EF3-B8A5-36B5FA2808FB}.AppStore|Any CPU.ActiveCfg = Release|Any CPU
		{13C9942E-66D2-4EF3-B8A5-36B5FA2808FB}.AppStore|Any CPU.Build.0 = Release|Any CPU
		{13C9942E-66D2-4EF3-B8A5-36B5FA2808FB}.AppStore|Any CPU.Deploy.0 = Release|Any CPU
		{13C9942E-66D2-4EF3-B8A5-36B5FA2808FB}.AppStore|ARM.ActiveCfg = Release|Any CPU
		{13C9942E-66D2-4EF3-B8A5-36B5FA2808FB}.AppStore|ARM.Build.0 = Release|Any CPU
		{13C9942E-66D2-4EF3-B8A5-36B5FA2808FB}.AppStore|ARM.Deploy.0 = Release|Any CPU
		{13C9942E-66D2-4EF3-B8A5-36B5FA2808FB}.AppStore|iPhone.ActiveCfg = Release|Any CPU
		{13C9942E-66D2-4EF3-B8A5-36B5FA2808FB}.AppStore|iPhone.Build.0 = Release|Any CPU
		{13C9942E-66D2-4EF3-B8A5-36B5FA2808FB}.AppStore|iPhone.Deploy.0 = Release|Any CPU
		{13C9942E-66D2-4EF3-B8A5-36B5FA2808FB}.AppStore|iPhoneSimulator.ActiveCfg = Release|Any CPU
		{13C9942E-66D2-4EF3-B8A5-36B5FA2808FB}.AppStore|iPhoneSimulator.Build.0 = Release|Any CPU
		{13C9942E-66D2-4EF3-B8A5-36B5FA2808FB}.AppStore|iPhoneSimulator.Deploy.0 = Release|Any CPU
		{13C9942E-66D2-4EF3-B8A5-36B5FA2808FB}.AppStore|x64.ActiveCfg = Release|Any CPU
		{13C9942E-66D2-4EF3-B8A5-36B5FA2808FB}.AppStore|x64.Build.0 = Release|Any CPU
		{13C9942E-66D2-4EF3-B8A5-36B5FA2808FB}.AppStore|x64.Deploy.0 = Release|Any CPU
		{13C9942E-66D2-4EF3-B8A5-36B5FA2808FB}.AppStore|x86.ActiveCfg = Release|Any CPU
		{13C9942E-66D2-4EF3-B8A5-36B5FA2808FB}.AppStore|x86.Build.0 = Release|Any CPU
		{13C9942E-66D2-4EF3-B8A5-36B5FA2808FB}.AppStore|x86.Deploy.0 = Release|Any CPU
		{13C9942E-66D2-4EF3-B8A5-36B5FA2808FB}.Debug|Any CPU.ActiveCfg = Debug|Any CPU
		{13C9942E-66D2-4EF3-B8A5-36B5FA2808FB}.Debug|Any CPU.Build.0 = Debug|Any CPU
		{13C9942E-66D2-4EF3-B8A5-36B5FA2808FB}.Debug|Any CPU.Deploy.0 = Debug|Any CPU
		{13C9942E-66D2-4EF3-B8A5-36B5FA2808FB}.Debug|ARM.ActiveCfg = Debug|Any CPU
		{13C9942E-66D2-4EF3-B8A5-36B5FA2808FB}.Debug|ARM.Build.0 = Debug|Any CPU
		{13C9942E-66D2-4EF3-B8A5-36B5FA2808FB}.Debug|ARM.Deploy.0 = Debug|Any CPU
		{13C9942E-66D2-4EF3-B8A5-36B5FA2808FB}.Debug|iPhone.ActiveCfg = Debug|Any CPU
		{13C9942E-66D2-4EF3-B8A5-36B5FA2808FB}.Debug|iPhone.Build.0 = Debug|Any CPU
		{13C9942E-66D2-4EF3-B8A5-36B5FA2808FB}.Debug|iPhone.Deploy.0 = Debug|Any CPU
		{13C9942E-66D2-4EF3-B8A5-36B5FA2808FB}.Debug|iPhoneSimulator.ActiveCfg = Debug|Any CPU
		{13C9942E-66D2-4EF3-B8A5-36B5FA2808FB}.Debug|iPhoneSimulator.Build.0 = Debug|Any CPU
		{13C9942E-66D2-4EF3-B8A5-36B5FA2808FB}.Debug|iPhoneSimulator.Deploy.0 = Debug|Any CPU
		{13C9942E-66D2-4EF3-B8A5-36B5FA2808FB}.Debug|x64.ActiveCfg = Debug|Any CPU
		{13C9942E-66D2-4EF3-B8A5-36B5FA2808FB}.Debug|x64.Build.0 = Debug|Any CPU
		{13C9942E-66D2-4EF3-B8A5-36B5FA2808FB}.Debug|x64.Deploy.0 = Debug|Any CPU
		{13C9942E-66D2-4EF3-B8A5-36B5FA2808FB}.Debug|x86.ActiveCfg = Debug|Any CPU
		{13C9942E-66D2-4EF3-B8A5-36B5FA2808FB}.Debug|x86.Build.0 = Debug|Any CPU
		{13C9942E-66D2-4EF3-B8A5-36B5FA2808FB}.Debug|x86.Deploy.0 = Debug|Any CPU
		{13C9942E-66D2-4EF3-B8A5-36B5FA2808FB}.Release|Any CPU.ActiveCfg = Release|Any CPU
		{13C9942E-66D2-4EF3-B8A5-36B5FA2808FB}.Release|Any CPU.Build.0 = Release|Any CPU
		{13C9942E-66D2-4EF3-B8A5-36B5FA2808FB}.Release|Any CPU.Deploy.0 = Release|Any CPU
		{13C9942E-66D2-4EF3-B8A5-36B5FA2808FB}.Release|ARM.ActiveCfg = Release|Any CPU
		{13C9942E-66D2-4EF3-B8A5-36B5FA2808FB}.Release|ARM.Build.0 = Release|Any CPU
		{13C9942E-66D2-4EF3-B8A5-36B5FA2808FB}.Release|ARM.Deploy.0 = Release|Any CPU
		{13C9942E-66D2-4EF3-B8A5-36B5FA2808FB}.Release|iPhone.ActiveCfg = Release|Any CPU
		{13C9942E-66D2-4EF3-B8A5-36B5FA2808FB}.Release|iPhone.Build.0 = Release|Any CPU
		{13C9942E-66D2-4EF3-B8A5-36B5FA2808FB}.Release|iPhone.Deploy.0 = Release|Any CPU
		{13C9942E-66D2-4EF3-B8A5-36B5FA2808FB}.Release|iPhoneSimulator.ActiveCfg = Release|Any CPU
		{13C9942E-66D2-4EF3-B8A5-36B5FA2808FB}.Release|iPhoneSimulator.Build.0 = Release|Any CPU
		{13C9942E-66D2-4EF3-B8A5-36B5FA2808FB}.Release|iPhoneSimulator.Deploy.0 = Release|Any CPU
		{13C9942E-66D2-4EF3-B8A5-36B5FA2808FB}.Release|x64.ActiveCfg = Release|Any CPU
		{13C9942E-66D2-4EF3-B8A5-36B5FA2808FB}.Release|x64.Build.0 = Release|Any CPU
		{13C9942E-66D2-4EF3-B8A5-36B5FA2808FB}.Release|x64.Deploy.0 = Release|Any CPU
		{13C9942E-66D2-4EF3-B8A5-36B5FA2808FB}.Release|x86.ActiveCfg = Release|Any CPU
		{13C9942E-66D2-4EF3-B8A5-36B5FA2808FB}.Release|x86.Build.0 = Release|Any CPU
		{13C9942E-66D2-4EF3-B8A5-36B5FA2808FB}.Release|x86.Deploy.0 = Release|Any CPU
		{B7089B8C-84C7-4440-9FBA-6637182BFB66}.Ad-Hoc|Any CPU.ActiveCfg = Ad-Hoc|iPhone
		{B7089B8C-84C7-4440-9FBA-6637182BFB66}.Ad-Hoc|ARM.ActiveCfg = Ad-Hoc|iPhone
		{B7089B8C-84C7-4440-9FBA-6637182BFB66}.Ad-Hoc|iPhone.ActiveCfg = Ad-Hoc|iPhone
		{B7089B8C-84C7-4440-9FBA-6637182BFB66}.Ad-Hoc|iPhone.Build.0 = Ad-Hoc|iPhone
		{B7089B8C-84C7-4440-9FBA-6637182BFB66}.Ad-Hoc|iPhoneSimulator.ActiveCfg = Ad-Hoc|iPhoneSimulator
		{B7089B8C-84C7-4440-9FBA-6637182BFB66}.Ad-Hoc|iPhoneSimulator.Build.0 = Ad-Hoc|iPhoneSimulator
		{B7089B8C-84C7-4440-9FBA-6637182BFB66}.Ad-Hoc|x64.ActiveCfg = Ad-Hoc|iPhone
		{B7089B8C-84C7-4440-9FBA-6637182BFB66}.Ad-Hoc|x86.ActiveCfg = Ad-Hoc|iPhone
		{B7089B8C-84C7-4440-9FBA-6637182BFB66}.AppStore|Any CPU.ActiveCfg = AppStore|iPhone
		{B7089B8C-84C7-4440-9FBA-6637182BFB66}.AppStore|ARM.ActiveCfg = AppStore|iPhone
		{B7089B8C-84C7-4440-9FBA-6637182BFB66}.AppStore|iPhone.ActiveCfg = AppStore|iPhone
		{B7089B8C-84C7-4440-9FBA-6637182BFB66}.AppStore|iPhone.Build.0 = AppStore|iPhone
		{B7089B8C-84C7-4440-9FBA-6637182BFB66}.AppStore|iPhoneSimulator.ActiveCfg = AppStore|iPhoneSimulator
		{B7089B8C-84C7-4440-9FBA-6637182BFB66}.AppStore|iPhoneSimulator.Build.0 = AppStore|iPhoneSimulator
		{B7089B8C-84C7-4440-9FBA-6637182BFB66}.AppStore|x64.ActiveCfg = AppStore|iPhone
		{B7089B8C-84C7-4440-9FBA-6637182BFB66}.AppStore|x86.ActiveCfg = AppStore|iPhone
		{B7089B8C-84C7-4440-9FBA-6637182BFB66}.Debug|Any CPU.ActiveCfg = Debug|iPhone
		{B7089B8C-84C7-4440-9FBA-6637182BFB66}.Debug|ARM.ActiveCfg = Debug|iPhone
		{B7089B8C-84C7-4440-9FBA-6637182BFB66}.Debug|iPhone.ActiveCfg = Debug|iPhone
		{B7089B8C-84C7-4440-9FBA-6637182BFB66}.Debug|iPhone.Build.0 = Debug|iPhone
		{B7089B8C-84C7-4440-9FBA-6637182BFB66}.Debug|iPhoneSimulator.ActiveCfg = Debug|iPhoneSimulator
		{B7089B8C-84C7-4440-9FBA-6637182BFB66}.Debug|iPhoneSimulator.Build.0 = Debug|iPhoneSimulator
		{B7089B8C-84C7-4440-9FBA-6637182BFB66}.Debug|x64.ActiveCfg = Debug|iPhone
		{B7089B8C-84C7-4440-9FBA-6637182BFB66}.Debug|x86.ActiveCfg = Debug|iPhone
		{B7089B8C-84C7-4440-9FBA-6637182BFB66}.Release|Any CPU.ActiveCfg = Release|iPhone
		{B7089B8C-84C7-4440-9FBA-6637182BFB66}.Release|ARM.ActiveCfg = Release|iPhone
		{B7089B8C-84C7-4440-9FBA-6637182BFB66}.Release|iPhone.ActiveCfg = Release|iPhone
		{B7089B8C-84C7-4440-9FBA-6637182BFB66}.Release|iPhone.Build.0 = Release|iPhone
		{B7089B8C-84C7-4440-9FBA-6637182BFB66}.Release|iPhoneSimulator.ActiveCfg = Release|iPhoneSimulator
		{B7089B8C-84C7-4440-9FBA-6637182BFB66}.Release|iPhoneSimulator.Build.0 = Release|iPhoneSimulator
		{B7089B8C-84C7-4440-9FBA-6637182BFB66}.Release|x64.ActiveCfg = Release|iPhone
		{B7089B8C-84C7-4440-9FBA-6637182BFB66}.Release|x86.ActiveCfg = Release|iPhone
		{EA3C3D30-8E61-45FA-97D6-C251C4A25302}.Ad-Hoc|Any CPU.ActiveCfg = Release|Any CPU
		{EA3C3D30-8E61-45FA-97D6-C251C4A25302}.Ad-Hoc|Any CPU.Build.0 = Release|Any CPU
		{EA3C3D30-8E61-45FA-97D6-C251C4A25302}.Ad-Hoc|ARM.ActiveCfg = Release|Any CPU
		{EA3C3D30-8E61-45FA-97D6-C251C4A25302}.Ad-Hoc|ARM.Build.0 = Release|Any CPU
		{EA3C3D30-8E61-45FA-97D6-C251C4A25302}.Ad-Hoc|iPhone.ActiveCfg = Release|Any CPU
		{EA3C3D30-8E61-45FA-97D6-C251C4A25302}.Ad-Hoc|iPhone.Build.0 = Release|Any CPU
		{EA3C3D30-8E61-45FA-97D6-C251C4A25302}.Ad-Hoc|iPhoneSimulator.ActiveCfg = Release|Any CPU
		{EA3C3D30-8E61-45FA-97D6-C251C4A25302}.Ad-Hoc|iPhoneSimulator.Build.0 = Release|Any CPU
		{EA3C3D30-8E61-45FA-97D6-C251C4A25302}.Ad-Hoc|x64.ActiveCfg = Release|Any CPU
		{EA3C3D30-8E61-45FA-97D6-C251C4A25302}.Ad-Hoc|x64.Build.0 = Release|Any CPU
		{EA3C3D30-8E61-45FA-97D6-C251C4A25302}.Ad-Hoc|x86.ActiveCfg = Release|Any CPU
		{EA3C3D30-8E61-45FA-97D6-C251C4A25302}.Ad-Hoc|x86.Build.0 = Release|Any CPU
		{EA3C3D30-8E61-45FA-97D6-C251C4A25302}.AppStore|Any CPU.ActiveCfg = Release|Any CPU
		{EA3C3D30-8E61-45FA-97D6-C251C4A25302}.AppStore|Any CPU.Build.0 = Release|Any CPU
		{EA3C3D30-8E61-45FA-97D6-C251C4A25302}.AppStore|ARM.ActiveCfg = Release|Any CPU
		{EA3C3D30-8E61-45FA-97D6-C251C4A25302}.AppStore|ARM.Build.0 = Release|Any CPU
		{EA3C3D30-8E61-45FA-97D6-C251C4A25302}.AppStore|iPhone.ActiveCfg = Release|Any CPU
		{EA3C3D30-8E61-45FA-97D6-C251C4A25302}.AppStore|iPhone.Build.0 = Release|Any CPU
		{EA3C3D30-8E61-45FA-97D6-C251C4A25302}.AppStore|iPhoneSimulator.ActiveCfg = Release|Any CPU
		{EA3C3D30-8E61-45FA-97D6-C251C4A25302}.AppStore|iPhoneSimulator.Build.0 = Release|Any CPU
		{EA3C3D30-8E61-45FA-97D6-C251C4A25302}.AppStore|x64.ActiveCfg = Release|Any CPU
		{EA3C3D30-8E61-45FA-97D6-C251C4A25302}.AppStore|x64.Build.0 = Release|Any CPU
		{EA3C3D30-8E61-45FA-97D6-C251C4A25302}.AppStore|x86.ActiveCfg = Release|Any CPU
		{EA3C3D30-8E61-45FA-97D6-C251C4A25302}.AppStore|x86.Build.0 = Release|Any CPU
		{EA3C3D30-8E61-45FA-97D6-C251C4A25302}.Debug|Any CPU.ActiveCfg = Debug|Any CPU
		{EA3C3D30-8E61-45FA-97D6-C251C4A25302}.Debug|Any CPU.Build.0 = Debug|Any CPU
		{EA3C3D30-8E61-45FA-97D6-C251C4A25302}.Debug|ARM.ActiveCfg = Debug|Any CPU
		{EA3C3D30-8E61-45FA-97D6-C251C4A25302}.Debug|ARM.Build.0 = Debug|Any CPU
		{EA3C3D30-8E61-45FA-97D6-C251C4A25302}.Debug|iPhone.ActiveCfg = Debug|Any CPU
		{EA3C3D30-8E61-45FA-97D6-C251C4A25302}.Debug|iPhone.Build.0 = Debug|Any CPU
		{EA3C3D30-8E61-45FA-97D6-C251C4A25302}.Debug|iPhoneSimulator.ActiveCfg = Debug|Any CPU
		{EA3C3D30-8E61-45FA-97D6-C251C4A25302}.Debug|iPhoneSimulator.Build.0 = Debug|Any CPU
		{EA3C3D30-8E61-45FA-97D6-C251C4A25302}.Debug|x64.ActiveCfg = Debug|Any CPU
		{EA3C3D30-8E61-45FA-97D6-C251C4A25302}.Debug|x64.Build.0 = Debug|Any CPU
		{EA3C3D30-8E61-45FA-97D6-C251C4A25302}.Debug|x86.ActiveCfg = Debug|Any CPU
		{EA3C3D30-8E61-45FA-97D6-C251C4A25302}.Debug|x86.Build.0 = Debug|Any CPU
		{EA3C3D30-8E61-45FA-97D6-C251C4A25302}.Release|Any CPU.ActiveCfg = Release|Any CPU
		{EA3C3D30-8E61-45FA-97D6-C251C4A25302}.Release|Any CPU.Build.0 = Release|Any CPU
		{EA3C3D30-8E61-45FA-97D6-C251C4A25302}.Release|ARM.ActiveCfg = Release|Any CPU
		{EA3C3D30-8E61-45FA-97D6-C251C4A25302}.Release|ARM.Build.0 = Release|Any CPU
		{EA3C3D30-8E61-45FA-97D6-C251C4A25302}.Release|iPhone.ActiveCfg = Release|Any CPU
		{EA3C3D30-8E61-45FA-97D6-C251C4A25302}.Release|iPhone.Build.0 = Release|Any CPU
		{EA3C3D30-8E61-45FA-97D6-C251C4A25302}.Release|iPhoneSimulator.ActiveCfg = Release|Any CPU
		{EA3C3D30-8E61-45FA-97D6-C251C4A25302}.Release|iPhoneSimulator.Build.0 = Release|Any CPU
		{EA3C3D30-8E61-45FA-97D6-C251C4A25302}.Release|x64.ActiveCfg = Release|Any CPU
		{EA3C3D30-8E61-45FA-97D6-C251C4A25302}.Release|x64.Build.0 = Release|Any CPU
		{EA3C3D30-8E61-45FA-97D6-C251C4A25302}.Release|x86.ActiveCfg = Release|Any CPU
		{EA3C3D30-8E61-45FA-97D6-C251C4A25302}.Release|x86.Build.0 = Release|Any CPU
	EndGlobalSection
	GlobalSection(SolutionProperties) = preSolution
		HideSolutionNode = FALSE
	EndGlobalSection
	GlobalSection(NestedProjects) = preSolution
		{666CE2D7-FC2F-4E9D-AD7C-C11A1498522D} = {A736CCF8-81EC-47A8-8BF4-F4BE0B7DFCB9}
		{65442EF1-066D-4FE9-971C-ADADA2D3FEF2} = {A736CCF8-81EC-47A8-8BF4-F4BE0B7DFCB9}
		{4F5E1E39-84A2-4931-B9F8-84A655B7B481} = {A736CCF8-81EC-47A8-8BF4-F4BE0B7DFCB9}
		{44F86381-8CED-4373-8C45-46E39FF01CEA} = {A736CCF8-81EC-47A8-8BF4-F4BE0B7DFCB9}
		{13C9942E-66D2-4EF3-B8A5-36B5FA2808FB} = {A736CCF8-81EC-47A8-8BF4-F4BE0B7DFCB9}
		{B7089B8C-84C7-4440-9FBA-6637182BFB66} = {A736CCF8-81EC-47A8-8BF4-F4BE0B7DFCB9}
		{EA3C3D30-8E61-45FA-97D6-C251C4A25302} = {A736CCF8-81EC-47A8-8BF4-F4BE0B7DFCB9}
	EndGlobalSection
EndGlobal
